
Microsoft Visual Studio Solution File, Format Version 12.00
# Visual Studio Version 16
VisualStudioVersion = 16.0.32106.194
MinimumVisualStudioVersion = 10.0.40219.1
Project("{FAE04EC0-301F-11D3-BF4B-00C04F79EFBC}") = "Test", "Test\Test.csproj", "{6783B585-DD0B-4C26-889E-D6E76DA4E26C}"
EndProject
Project("{FAE04EC0-301F-11D3-BF4B-00C04F79EFBC}") = "Test2", "Test2\Test2.csproj", "{971F2A5F-00A8-4599-86B6-3FA3B7DE8905}"
EndProject
Project("{FAE04EC0-301F-11D3-BF4B-00C04F79EFBC}") = "C_Strings", "C_Strings\C_Strings.csproj", "{2683E4E0-1856-45FD-9638-A8FE9DDD908C}"
EndProject
Project("{FAE04EC0-301F-11D3-BF4B-00C04F79EFBC}") = "ReferencesToMethods", "ReferencesToMethods\ReferencesToMethods.csproj", "{449C28DB-6B94-4462-9284-776CAFB117C6}"
EndProject
Project("{FAE04EC0-301F-11D3-BF4B-00C04F79EFBC}") = "Usereff", "Usereff\Usereff.csproj", "{FDBA3422-5C2A-4A69-8C4B-915D51569806}"
EndProject
Project("{FAE04EC0-301F-11D3-BF4B-00C04F79EFBC}") = "UsingOut", "UsingOut\UsingOut.csproj", "{A06F87B0-D364-45D9-A06C-92A7B3A6FC3D}"
EndProject
Project("{FAE04EC0-301F-11D3-BF4B-00C04F79EFBC}") = "ReturnObjects", "ReturnObjects\ReturnObjects.csproj", "{4377F1F3-8FA8-45E8-B39E-30978EB986D4}"
EndProject
Project("{FAE04EC0-301F-11D3-BF4B-00C04F79EFBC}") = "Method_Overload", "Method_Overload\Method_Overload.csproj", "{DB43B7F0-8400-4782-AD5A-9F112D71542B}"
EndProject
Project("{FAE04EC0-301F-11D3-BF4B-00C04F79EFBC}") = "OverLoadConstructors", "OverLoadConstructors\OverLoadConstructors.csproj", "{56DA7E3B-D552-4870-9F48-EC24394B5FFF}"
EndProject
Project("{FAE04EC0-301F-11D3-BF4B-00C04F79EFBC}") = "ObjectInitialiser", "ObjectInitialiser\ObjectInitialiser.csproj", "{57A947E7-17D0-4D35-8260-7B3BAC07CCB6}"
EndProject
Project("{FAE04EC0-301F-11D3-BF4B-00C04F79EFBC}") = "OptionalParameters", "OptionalParameters\OptionalParameters.csproj", "{0FF878DD-0AA3-413B-B818-5977F16245B9}"
EndProject
Project("{FAE04EC0-301F-11D3-BF4B-00C04F79EFBC}") = "PassArgumentsToMain", "PassArgumentsToMain\PassArgumentsToMain.csproj", "{E99CD63C-4E19-43A9-8FCA-91E0B74C4E52}"
EndProject
Project("{FAE04EC0-301F-11D3-BF4B-00C04F79EFBC}") = "RecursiveMethods", "RecursiveMethods\RecursiveMethods.csproj", "{536ABA35-A91A-4FC8-AC7D-614023A8125E}"
EndProject
Project("{FAE04EC0-301F-11D3-BF4B-00C04F79EFBC}") = "StaticClassFactory", "StaticClassFactory\StaticClassFactory.csproj", "{BAF10E32-47B3-4C51-9F58-2449C27C793B}"
EndProject
Project("{FAE04EC0-301F-11D3-BF4B-00C04F79EFBC}") = "StaticConstructors", "StaticConstructors\StaticConstructors.csproj", "{2B5C4A75-2D0B-4C98-94C9-C3C90072882D}"
EndProject
Project("{FAE04EC0-301F-11D3-BF4B-00C04F79EFBC}") = "OperatorOverloading", "OperatorOverloading\OperatorOverloading.csproj", "{69445BDC-DBB6-4B2D-9FC9-76364398ED46}"
EndProject
Project("{FAE04EC0-301F-11D3-BF4B-00C04F79EFBC}") = "ShortCircuit", "ShortCircuit\ShortCircuit.csproj", "{950DCA05-1542-4424-9291-430535C2D7CA}"
EndProject
Project("{FAE04EC0-301F-11D3-BF4B-00C04F79EFBC}") = "ConversionOperator", "ConversionOperator\ConversionOperator.csproj", "{383B91C6-AA43-4CBF-A5AB-8DE05085E1C0}"
EndProject
Project("{FAE04EC0-301F-11D3-BF4B-00C04F79EFBC}") = "OperatorOverloadingNybble", "OperatorOverloadingNybble\OperatorOverloadingNybble.csproj", "{BCCFC869-A275-4788-AB33-FB6A2AF64F19}"
EndProject
Project("{FAE04EC0-301F-11D3-BF4B-00C04F79EFBC}") = "FailSafeArrayIndexer", "FailSafeArrayIndexer\FailSafeArrayIndexer.csproj", "{C8491DB6-3F41-45A6-A732-2A76D8666FFD}"
EndProject
Project("{FAE04EC0-301F-11D3-BF4B-00C04F79EFBC}") = "PwrOfTwoIndexer", "PwrOfTwoIndexer\PwrOfTwoIndexer.csproj", "{60C878BF-F9FB-40AC-B586-18E97BDB08CD}"
EndProject
Project("{FAE04EC0-301F-11D3-BF4B-00C04F79EFBC}") = "FailSafe2DIndexer", "FailSafe2DIndexer\FailSafe2DIndexer.csproj", "{868ABE9E-25E9-4C19-A90B-F0EA04E13439}"
EndProject
Project("{FAE04EC0-301F-11D3-BF4B-00C04F79EFBC}") = "PropertiesDemo", "PropertiesDemo\PropertiesDemo.csproj", "{D4DCD356-AB43-43ED-B807-C4F8A79B5F14}"
EndProject
Project("{FAE04EC0-301F-11D3-BF4B-00C04F79EFBC}") = "AccessModifiersAccessors", "AccessModifiersAccessors\AccessModifiersAccessors.csproj", "{39740C03-BCF9-4CE7-9B41-2FD4980B2103}"
EndProject
Project("{FAE04EC0-301F-11D3-BF4B-00C04F79EFBC}") = "RangeArray", "RangeArray\RangeArray.csproj", "{6767EA95-65DF-46A7-8CCC-83830447CCA2}"
EndProject
Project("{FAE04EC0-301F-11D3-BF4B-00C04F79EFBC}") = "InheritanceBasics", "InheritanceBasics\InheritanceBasics.csproj", "{0150BC37-D9A1-4779-9BA7-E2A7418B89E5}"
EndProject
Project("{FAE04EC0-301F-11D3-BF4B-00C04F79EFBC}") = "ProtectedAccessor", "ProtectedAccessor\ProtectedAccessor.csproj", "{4872BC02-1E63-48E5-ACB2-0E0393DC62F0}"
EndProject
Project("{FAE04EC0-301F-11D3-BF4B-00C04F79EFBC}") = "CallingBaseClassConstructor", "CallingBaseClassConstructor\CallingBaseClassConstructor.csproj", "{884F0251-D62E-4AE2-9B06-A474F02E594E}"
EndProject
Project("{FAE04EC0-301F-11D3-BF4B-00C04F79EFBC}") = "InheritanceAndNameHiding", "InheritanceAndNameHiding\InheritanceAndNameHiding.csproj", "{3342DF75-6422-493C-A669-D384BA228BDD}"
EndProject
Project("{FAE04EC0-301F-11D3-BF4B-00C04F79EFBC}") = "ConstructorCalling", "ConstructorCalling\ConstructorCalling.csproj", "{45CB3778-3386-44C0-8C03-796E7FE27BC0}"
EndProject
Project("{FAE04EC0-301F-11D3-BF4B-00C04F79EFBC}") = "IncompatibleRef", "IncompatibleRef\IncompatibleRef.csproj", "{B68BD06C-D896-4B5B-89D1-0FB80A6693AB}"
EndProject
Project("{FAE04EC0-301F-11D3-BF4B-00C04F79EFBC}") = "InheritanceContructorWithObjects", "InheritanceContructorWithObjects\InheritanceContructorWithObjects.csproj", "{E8BE288C-78EA-4EDB-8059-C956AE7DD446}"
EndProject
Project("{FAE04EC0-301F-11D3-BF4B-00C04F79EFBC}") = "RuntimePolymorphism", "RuntimePolymorphism\RuntimePolymorphism.csproj", "{550A318B-420C-4464-B6C0-ED1CF4D086C0}"
EndProject
Project("{FAE04EC0-301F-11D3-BF4B-00C04F79EFBC}") = "StringTo", "StringTo\StringTo.csproj", "{80183F81-0994-4629-A77E-05A441FBA8B3}"
EndProject
Project("{FAE04EC0-301F-11D3-BF4B-00C04F79EFBC}") = "BoxingAndUnboxing", "BoxingAndUnboxing\BoxingAndUnboxing.csproj", "{049000B6-B6C7-4D78-BA18-B899D48A4B0B}"
EndProject
Project("{FAE04EC0-301F-11D3-BF4B-00C04F79EFBC}") = "DemoInterface", "DemoInterface\DemoInterface.csproj", "{9BE52DEC-01EA-4770-9EAC-51A7174DF843}"
EndProject
Project("{FAE04EC0-301F-11D3-BF4B-00C04F79EFBC}") = "InterfaceProperties", "InterfaceProperties\InterfaceProperties.csproj", "{BFF83B55-7330-415E-B3AC-247712BC6F75}"
EndProject
Project("{FAE04EC0-301F-11D3-BF4B-00C04F79EFBC}") = "InterfaceIndexer", "InterfaceIndexer\InterfaceIndexer.csproj", "{95B88702-E3BE-44B6-BDF1-48EE532FDCB6}"
EndProject
Project("{FAE04EC0-301F-11D3-BF4B-00C04F79EFBC}") = "ExplicitImplementationOfInterface", "ExplicitImplementationOfInterface\ExplicitImplementationOfInterface.csproj", "{C7B10463-9871-4FA2-9D66-A657E4087B44}"
EndProject
Project("{FAE04EC0-301F-11D3-BF4B-00C04F79EFBC}") = "Struct_Class", "Struct_Class\Struct_Class.csproj", "{A248A634-2170-4621-88F8-05AE55FF9E29}"
EndProject
Project("{FAE04EC0-301F-11D3-BF4B-00C04F79EFBC}") = "Struc_Class_1", "Struc_Class_1\Struc_Class_1.csproj", "{7D1313C2-6F13-4402-96A0-048C3A3DC1F3}"
EndProject
Project("{FAE04EC0-301F-11D3-BF4B-00C04F79EFBC}") = "Struc_Class2", "Struc_Class2\Struc_Class2.csproj", "{443E043C-658D-4CFD-BE15-D1BF7A0AF3F1}"
EndProject
Project("{FAE04EC0-301F-11D3-BF4B-00C04F79EFBC}") = "Enum_Class", "Enum_Class\Enum_Class.csproj", "{601C77BE-86B6-4643-A756-24A25D1D66CD}"
EndProject
Project("{FAE04EC0-301F-11D3-BF4B-00C04F79EFBC}") = "Enum_1", "Enum_1\Enum_1.csproj", "{7EA91358-CE06-4B4F-95C8-26668103F4BB}"
EndProject
Project("{FAE04EC0-301F-11D3-BF4B-00C04F79EFBC}") = "Excep_Handling", "Excep_Handling\Excep_Handling.csproj", "{A494B8DF-516A-474B-B7E7-83935C9BB6F0}"
EndProject
Project("{FAE04EC0-301F-11D3-BF4B-00C04F79EFBC}") = "Execpt_Handling1", "Execpt_Handling1\Execpt_Handling1.csproj", "{1EC33F4A-B9C5-4852-BDCC-229B3AC31863}"
EndProject
Project("{FAE04EC0-301F-11D3-BF4B-00C04F79EFBC}") = "Except_Handling2", "Except_Handling2\Except_Handling2.csproj", "{59E103B2-9DC3-48FD-825F-7111858261C2}"
EndProject
Project("{FAE04EC0-301F-11D3-BF4B-00C04F79EFBC}") = "Excep_Handling3", "Excep_Handling3\Excep_Handling3.csproj", "{55385F9F-C68A-42D8-809C-B534192E7893}"
EndProject
Project("{FAE04EC0-301F-11D3-BF4B-00C04F79EFBC}") = "Excep_Handling4", "Excep_Handling4\Excep_Handling4.csproj", "{1A9441E0-C3EE-4968-8811-E59C845D3C62}"
EndProject
Project("{FAE04EC0-301F-11D3-BF4B-00C04F79EFBC}") = "Excep_Handling5", "Excep_Handling5\Excep_Handling5.csproj", "{EEC69D31-87F8-403D-BF50-CB731417053C}"
EndProject
Project("{FAE04EC0-301F-11D3-BF4B-00C04F79EFBC}") = "Exec_Handling6", "Exec_Handling6\Exec_Handling6.csproj", "{A53FCAC2-9251-45D5-866F-603FAE0B14DD}"
EndProject
Project("{FAE04EC0-301F-11D3-BF4B-00C04F79EFBC}") = "CheckedAndUnchecked", "CheckedAndUnchecked\CheckedAndUnchecked.csproj", "{9713017D-F6AA-4CBE-9188-A42E68C872D3}"
EndProject
Project("{FAE04EC0-301F-11D3-BF4B-00C04F79EFBC}") = "UsingIO", "UsingIO\UsingIO.csproj", "{B862E747-536B-4D4D-A561-FE41A0842EDD}"
EndProject
Project("{FAE04EC0-301F-11D3-BF4B-00C04F79EFBC}") = "UsingIO_1", "UsingIO_1\UsingIO_1.csproj", "{7199F22C-5BA8-4DD9-A99D-BAB47AB8B6E5}"
EndProject
Project("{FAE04EC0-301F-11D3-BF4B-00C04F79EFBC}") = "UsingIO_2", "UsingIO_2\UsingIO_2.csproj", "{D010E8B6-C4F1-4B9A-A145-F8DB73151B67}"
EndProject
Project("{FAE04EC0-301F-11D3-BF4B-00C04F79EFBC}") = "UsingIO_3", "UsingIO_3\UsingIO_3.csproj", "{9FCAD427-4329-4D58-8466-E974E71A5C56}"
EndProject
Project("{FAE04EC0-301F-11D3-BF4B-00C04F79EFBC}") = "UsingIO_4", "UsingIO_4\UsingIO_4.csproj", "{E7DBD2B6-A292-4118-947F-1C98DCF99F7A}"
EndProject
Project("{FAE04EC0-301F-11D3-BF4B-00C04F79EFBC}") = "UsingIO_5", "ConsoleApp1\UsingIO_5.csproj", "{296F1853-E622-47A5-A7B4-82C0B3F578B5}"
EndProject
Project("{FAE04EC0-301F-11D3-BF4B-00C04F79EFBC}") = "UsingIO_6", "UsingIO_6\UsingIO_6.csproj", "{B8588027-9F58-4C5C-8C96-6264B56B035E}"
EndProject
Project("{FAE04EC0-301F-11D3-BF4B-00C04F79EFBC}") = "Pyramid", "Pyramid\Pyramid.csproj", "{9FE2DD33-5303-41C7-A95E-7A68FCEC0F60}"
EndProject
Project("{FAE04EC0-301F-11D3-BF4B-00C04F79EFBC}") = "UsingIO_7", "UsingIO_7\UsingIO_7.csproj", "{CB2740E4-D9BB-494A-9C66-A0B9A9FE744D}"
EndProject
Project("{FAE04EC0-301F-11D3-BF4B-00C04F79EFBC}") = "UsingIO_8", "UsingIO_8\UsingIO_8.csproj", "{F246B311-5368-4960-B26E-B441B2F3E19C}"
EndProject
Project("{FAE04EC0-301F-11D3-BF4B-00C04F79EFBC}") = "UsingIO_9", "UsingIO_9\UsingIO_9.csproj", "{5FA8E5B3-B2D9-45EE-AB36-64D16250280C}"
EndProject
Project("{FAE04EC0-301F-11D3-BF4B-00C04F79EFBC}") = "UsingIO_10", "UsingIO_10\UsingIO_10.csproj", "{01683DF4-1621-4B67-91E5-68CF4AAD56F3}"
EndProject
Project("{FAE04EC0-301F-11D3-BF4B-00C04F79EFBC}") = "Test1", "Test1\Test1.csproj", "{9B57507D-E80E-4F60-9BDF-D67C28410787}"
EndProject
Project("{FAE04EC0-301F-11D3-BF4B-00C04F79EFBC}") = "UsingIO_11", "UsingIO_11\UsingIO_11.csproj", "{F07E8B40-48CF-4461-8CDB-989F30607D91}"
EndProject
Project("{FAE04EC0-301F-11D3-BF4B-00C04F79EFBC}") = "UsingIO_12", "UsingIO_12\UsingIO_12.csproj", "{C8B27215-4464-41CE-9DFA-FCBD1765BA9E}"
EndProject
Project("{FAE04EC0-301F-11D3-BF4B-00C04F79EFBC}") = "UsingIO_13", "UsingIO_13\UsingIO_13.csproj", "{0A1605C4-598A-4BBE-81A8-AE6EE0D81364}"
EndProject
Project("{FAE04EC0-301F-11D3-BF4B-00C04F79EFBC}") = "UsingIO_14", "UsingIO_14\UsingIO_14.csproj", "{839AFC5C-3695-48FB-98AD-01F17538D5CA}"
EndProject
Project("{FAE04EC0-301F-11D3-BF4B-00C04F79EFBC}") = "UsingIO_15", "UsingIO_15\UsingIO_15.csproj", "{04B347DA-479C-4E8D-8928-75E8743C2218}"
EndProject
Project("{FAE04EC0-301F-11D3-BF4B-00C04F79EFBC}") = "UsingIO_16", "UsingIO_16\UsingIO_16.csproj", "{6CCAA51E-A619-4BAC-B637-7B9E5099D3E7}"
EndProject
Project("{FAE04EC0-301F-11D3-BF4B-00C04F79EFBC}") = "Delegates", "Delegates\Delegates.csproj", "{DEAB2712-8F87-4967-BC0C-D6B60684C549}"
EndProject
Project("{FAE04EC0-301F-11D3-BF4B-00C04F79EFBC}") = "Delegates1", "Delegates1\Delegates1.csproj", "{A809CC03-18AE-4FDA-8054-CC23CA45C623}"
EndProject
Project("{FAE04EC0-301F-11D3-BF4B-00C04F79EFBC}") = "Delegates2", "Delegates2\Delegates2.csproj", "{B4F0FBEB-54F1-46BF-AE6C-3514137D1CC3}"
EndProject
Project("{FAE04EC0-301F-11D3-BF4B-00C04F79EFBC}") = "Delegates3", "Delegates3\Delegates3.csproj", "{D5128A13-ECC8-4D71-86E4-39A15BE07019}"
EndProject
Project("{FAE04EC0-301F-11D3-BF4B-00C04F79EFBC}") = "Anonymous", "Anonymous\Anonymous.csproj", "{C231A22F-B71A-443C-A27A-738723B4D7EA}"
EndProject
Project("{FAE04EC0-301F-11D3-BF4B-00C04F79EFBC}") = "Anonymous1", "Anonymous1\Anonymous1.csproj", "{EB5B4729-1AFC-4D99-B0EB-6C51F24B48F6}"
EndProject
Project("{FAE04EC0-301F-11D3-BF4B-00C04F79EFBC}") = "Anonymous2", "Anonymous2\Anonymous2.csproj", "{C7A4E242-5D94-445E-A9DD-37C12CB4FB13}"
EndProject
Project("{FAE04EC0-301F-11D3-BF4B-00C04F79EFBC}") = "Anonymous3", "Anonymous3\Anonymous3.csproj", "{5928C459-5D14-4C9C-8A44-1C16B93B6975}"
EndProject
Project("{FAE04EC0-301F-11D3-BF4B-00C04F79EFBC}") = "Lambda", "Lambda\Lambda.csproj", "{08636A89-577B-4F1C-AEE9-3F9963D7686D}"
EndProject
Project("{FAE04EC0-301F-11D3-BF4B-00C04F79EFBC}") = "Lambda1", "Lambda1\Lambda1.csproj", "{25238D45-6CA1-42BB-A1AA-8A1A7C4088FD}"
EndProject
Project("{FAE04EC0-301F-11D3-BF4B-00C04F79EFBC}") = "Lambda2", "Lambda2\Lambda2.csproj", "{C6F6A77E-FEE7-4D37-90FE-50DF43D11942}"
EndProject
Project("{FAE04EC0-301F-11D3-BF4B-00C04F79EFBC}") = "Lambda3", "Lambda3\Lambda3.csproj", "{429A5A0D-6FB3-4405-A4AD-FE7ADBA4B216}"
EndProject
Project("{FAE04EC0-301F-11D3-BF4B-00C04F79EFBC}") = "Events", "Events\Events.csproj", "{94F3CD03-A0D1-4B19-B547-3C4FE45F23B6}"
EndProject
Project("{FAE04EC0-301F-11D3-BF4B-00C04F79EFBC}") = "Events2", "Events2\Events2.csproj", "{EB5910F1-1977-42C9-BD56-674D1D29309E}"
EndProject
Project("{FAE04EC0-301F-11D3-BF4B-00C04F79EFBC}") = "Events3", "Events3\Events3.csproj", "{EB1D645A-7BE2-42E5-BC93-DFD41E2FEAC7}"
EndProject
Project("{FAE04EC0-301F-11D3-BF4B-00C04F79EFBC}") = "Events4", "Events4\Events4.csproj", "{3B02F8D0-2431-44F6-A269-2B1D21923B40}"
EndProject
Project("{FAE04EC0-301F-11D3-BF4B-00C04F79EFBC}") = "Events5", "Events5\Events5.csproj", "{9714FE91-26B0-4AE3-81E7-DE59CAF4B7AA}"
EndProject
Project("{FAE04EC0-301F-11D3-BF4B-00C04F79EFBC}") = "Events6", "Events6\Events6.csproj", "{0BE47868-9475-4CEB-BFA5-28216E7CCF06}"
EndProject
Project("{FAE04EC0-301F-11D3-BF4B-00C04F79EFBC}") = "Event7", "Event7\Event7.csproj", "{258F9F5F-BFF7-469A-AD02-CF5C938C728E}"
EndProject
Project("{FAE04EC0-301F-11D3-BF4B-00C04F79EFBC}") = "Events8", "Events8\Events8.csproj", "{1F9E80D8-9E88-487B-840A-9E8DD5072E65}"
EndProject
Project("{FAE04EC0-301F-11D3-BF4B-00C04F79EFBC}") = "Events9", "Events9\Events9.csproj", "{04BBDDE9-73E5-4834-8A27-FC44A82FD5F0}"
EndProject
Project("{FAE04EC0-301F-11D3-BF4B-00C04F79EFBC}") = "TestNamespace", "TestNamespace\TestNamespace.csproj", "{6A7F188E-FB19-4C1A-BD52-8311A0EA8DFB}"
EndProject
Project("{FAE04EC0-301F-11D3-BF4B-00C04F79EFBC}") = "Preprocessor1", "Preprocessor1\Preprocessor1.csproj", "{562D5E36-6206-4A41-AB24-AF4308761860}"
EndProject
Project("{FAE04EC0-301F-11D3-BF4B-00C04F79EFBC}") = "RTTID", "RTTID\RTTID.csproj", "{972727EF-070E-4E27-B698-1BBC72EC3DA2}"
EndProject
Project("{FAE04EC0-301F-11D3-BF4B-00C04F79EFBC}") = "RTTID1", "RTTID1\RTTID1.csproj", "{BBD3F3C8-10BC-41AC-B841-D606C48A1582}"
EndProject
Project("{FAE04EC0-301F-11D3-BF4B-00C04F79EFBC}") = "RTTID2", "RTTID2\RTTID2.csproj", "{F6D62C7A-FFF8-4109-9633-CC6F8B7EC737}"
EndProject
Project("{FAE04EC0-301F-11D3-BF4B-00C04F79EFBC}") = "Reflctions", "Reflctions\Reflctions.csproj", "{72D97C53-69AE-4E39-90F6-F3F5D82F608C}"
EndProject
Project("{FAE04EC0-301F-11D3-BF4B-00C04F79EFBC}") = "SPIDChangeSIte", "SPIDChangeSIte\SPIDChangeSIte.csproj", "{AB61D58D-94AE-41EE-BD9C-9AD0631CD96A}"
EndProject
Project("{FAE04EC0-301F-11D3-BF4B-00C04F79EFBC}") = "Reflections", "Reflections\Reflections.csproj", "{6EBA6722-D1A5-4E3E-B58A-DF2CFA8759BE}"
EndProject
Project("{FAE04EC0-301F-11D3-BF4B-00C04F79EFBC}") = "Reflections1", "Reflections1\Reflections1.csproj", "{BBF0AA4F-6E53-47E7-AEB4-DC5DACD2C976}"
EndProject
Project("{FAE04EC0-301F-11D3-BF4B-00C04F79EFBC}") = "Reflections2", "Reflections2\Reflections2.csproj", "{05732671-90AD-43A0-9889-5DF0E67175D5}"
EndProject
Project("{FAE04EC0-301F-11D3-BF4B-00C04F79EFBC}") = "Attr", "Attr\Attr.csproj", "{8EB24F28-1C22-4992-B2D4-6D2B93EDA624}"
EndProject
Project("{FAE04EC0-301F-11D3-BF4B-00C04F79EFBC}") = "Att", "Att\Att.csproj", "{9F19A9FA-E481-4CA2-9653-6A99BB85EDCD}"
EndProject
Project("{FAE04EC0-301F-11D3-BF4B-00C04F79EFBC}") = "Att1", "Att1\Att1.csproj", "{DCFA11D3-ACDF-4E17-AC35-8CB3DC33A778}"
EndProject
Project("{FAE04EC0-301F-11D3-BF4B-00C04F79EFBC}") = "Att2", "Att2\Att2.csproj", "{8F7D1B31-EAC8-45F5-9805-D18FF5D86518}"
EndProject
Project("{FAE04EC0-301F-11D3-BF4B-00C04F79EFBC}") = "Att3", "Att3\Att3.csproj", "{C31AF227-EBDD-4E85-AAA4-0322BECC0232}"
EndProject
Project("{FAE04EC0-301F-11D3-BF4B-00C04F79EFBC}") = "Genn", "Gen\Genn.csproj", "{26C8A515-D897-4D9E-9DC4-6B6A15DAD9FF}"
EndProject
Project("{FAE04EC0-301F-11D3-BF4B-00C04F79EFBC}") = "Genn1", "Genn1\Genn1.csproj", "{34571AC9-1D92-4988-ABA2-4F9F13F8F940}"
EndProject
Project("{FAE04EC0-301F-11D3-BF4B-00C04F79EFBC}") = "Genn2", "Genn2\Genn2.csproj", "{3D9021E1-3594-4471-B214-B123B88B52F6}"
EndProject
Project("{FAE04EC0-301F-11D3-BF4B-00C04F79EFBC}") = "Genn3", "Genn3\Genn3.csproj", "{17728ED2-68F6-4320-A3F5-6EF2DF030F2C}"
EndProject
Project("{FAE04EC0-301F-11D3-BF4B-00C04F79EFBC}") = "Genn4", "Genn4\Genn4.csproj", "{0B0CA903-587F-44B8-9AD8-517183C40282}"
EndProject
Project("{FAE04EC0-301F-11D3-BF4B-00C04F79EFBC}") = "Genn5", "Genn5\Genn5.csproj", "{1FE531D4-00C0-434B-8AED-4C55EE5650D0}"
EndProject
Project("{FAE04EC0-301F-11D3-BF4B-00C04F79EFBC}") = "Genn6", "Genn6\Genn6.csproj", "{1F7B51B1-C481-44D6-8183-3224EB01E499}"
EndProject
Project("{FAE04EC0-301F-11D3-BF4B-00C04F79EFBC}") = "Genn7", "Genn7\Genn7.csproj", "{DFA37F00-37D1-4BA1-B23F-43887806BE8C}"
EndProject
Project("{FAE04EC0-301F-11D3-BF4B-00C04F79EFBC}") = "Genn8", "Genn8\Genn8.csproj", "{8514FAB1-E793-4C99-A2A5-DC4ED6B29169}"
EndProject
Project("{FAE04EC0-301F-11D3-BF4B-00C04F79EFBC}") = "Genn9", "Genn9\Genn9.csproj", "{7F88AEA3-0535-4647-A05D-BDEBB049F5F5}"
EndProject
Project("{FAE04EC0-301F-11D3-BF4B-00C04F79EFBC}") = "Genn10", "Genn10\Genn10.csproj", "{EFA37202-2DEE-4273-A856-7476BCE057C2}"
EndProject
Project("{FAE04EC0-301F-11D3-BF4B-00C04F79EFBC}") = "Genn11", "Genn11\Genn11.csproj", "{7EFCD514-DC7A-44DC-B15D-A67A8D2C146E}"
EndProject
Project("{FAE04EC0-301F-11D3-BF4B-00C04F79EFBC}") = "Genn12", "Genn12\Genn12.csproj", "{FA184B39-E077-441C-ACAD-E031FC553333}"
EndProject
Project("{FAE04EC0-301F-11D3-BF4B-00C04F79EFBC}") = "Genn13", "Genn13\Genn13.csproj", "{AAD781B8-79EB-4110-A1CE-E5F9C35D73D4}"
EndProject
Project("{FAE04EC0-301F-11D3-BF4B-00C04F79EFBC}") = "Genn14", "Genn14\Genn14.csproj", "{8756A4EC-A32C-4A19-9C59-236E112F58C3}"
EndProject
Project("{FAE04EC0-301F-11D3-BF4B-00C04F79EFBC}") = "Genn15", "Genn15\Genn15.csproj", "{5F23792F-0081-4A3D-AFEC-44DBA163CCE9}"
EndProject
Project("{FAE04EC0-301F-11D3-BF4B-00C04F79EFBC}") = "Genn16", "Genn16\Genn16.csproj", "{DF2F3283-D7F8-43E6-9FD9-270AF9D57199}"
EndProject
Project("{FAE04EC0-301F-11D3-BF4B-00C04F79EFBC}") = "Genn17", "Genn17\Genn17.csproj", "{0B17D0BE-FA1F-4765-98B1-6994951777D2}"
EndProject
Project("{FAE04EC0-301F-11D3-BF4B-00C04F79EFBC}") = "ClassTimer", "ClassTimer\ClassTimer.csproj", "{876C18A9-C411-42B2-8F7A-EC3E6EF1D8CF}"
EndProject
Project("{FAE04EC0-301F-11D3-BF4B-00C04F79EFBC}") = "Genn18", "Genn18\Genn18.csproj", "{9E1B41F1-F0FE-42B7-8042-ECAB31D8C55B}"
EndProject
Project("{FAE04EC0-301F-11D3-BF4B-00C04F79EFBC}") = "Genn19", "Genn19\Genn19.csproj", "{83B4063D-608E-4247-8750-6C15BF814C71}"
EndProject
Project("{FAE04EC0-301F-11D3-BF4B-00C04F79EFBC}") = "Genn20", "Genn20\Genn20.csproj", "{C152882C-6EBD-404A-BCC5-8F6980BA1D6A}"
EndProject
Project("{FAE04EC0-301F-11D3-BF4B-00C04F79EFBC}") = "Genn21", "Genn21\Genn21.csproj", "{A52992DB-3B25-4FEF-B2FD-685AE759E4B8}"
EndProject
Project("{FAE04EC0-301F-11D3-BF4B-00C04F79EFBC}") = "Genn22", "Genn22\Genn22.csproj", "{51E5DF37-100C-4680-8B12-8B0FF893A791}"
EndProject
Project("{FAE04EC0-301F-11D3-BF4B-00C04F79EFBC}") = "ThreadNamespace", "Thread\ThreadNamespace.csproj", "{6B904F5F-A27D-4FF4-95CB-26B4FD340601}"
EndProject
Project("{FAE04EC0-301F-11D3-BF4B-00C04F79EFBC}") = "ThreadNameSpace1", "ThreadNameSpace1\ThreadNameSpace1.csproj", "{310DBDD7-BD0B-4423-92CB-94C8E6E152BE}"
EndProject
Project("{FAE04EC0-301F-11D3-BF4B-00C04F79EFBC}") = "ThreadNameSpace2", "ThreadNameSpace2\ThreadNameSpace2.csproj", "{5DC866F9-1695-4268-BA1D-3E8A0BBD6F3D}"
EndProject
Project("{FAE04EC0-301F-11D3-BF4B-00C04F79EFBC}") = "ThreadNameSpace3", "ThreadNameSpace3\ThreadNameSpace3.csproj", "{BA00A174-E0A8-4AC8-80AE-7A9FF254B71A}"
EndProject
Project("{FAE04EC0-301F-11D3-BF4B-00C04F79EFBC}") = "ThreadNameSpace4", "ThreadNameSpace4\ThreadNameSpace4.csproj", "{D4405821-7ED2-4731-8648-8FA0523CEAAA}"
EndProject
Project("{FAE04EC0-301F-11D3-BF4B-00C04F79EFBC}") = "ThreadNameSpace5", "ThreadNameSpace5\ThreadNameSpace5.csproj", "{FBAAF299-6035-4FA8-98A0-2985302E5739}"
EndProject
Project("{FAE04EC0-301F-11D3-BF4B-00C04F79EFBC}") = "ThreadNameSpace6", "ThreadNameSpace6\ThreadNameSpace6.csproj", "{C767611C-CFD9-46C3-AA1A-F426B0E34487}"
EndProject
Project("{FAE04EC0-301F-11D3-BF4B-00C04F79EFBC}") = "ThreadNameSpace7", "ThreadNameSpace7\ThreadNameSpace7.csproj", "{009DB222-BF6A-40BD-9562-DFFED8D72666}"
EndProject
Project("{FAE04EC0-301F-11D3-BF4B-00C04F79EFBC}") = "ThreadNameSpace8", "ThreadNameSpace8\ThreadNameSpace8.csproj", "{1D9E26BE-27E2-428B-B4B8-4AE784CEE123}"
EndProject
Project("{FAE04EC0-301F-11D3-BF4B-00C04F79EFBC}") = "ThreadNameSpace9", "ThreadNameSpace9\ThreadNameSpace9.csproj", "{7DB13709-6C6D-4A35-B4F4-58246A77E589}"
EndProject
Project("{FAE04EC0-301F-11D3-BF4B-00C04F79EFBC}") = "ThreadNameSpace10", "ThreadNameSpace10\ThreadNameSpace10.csproj", "{8656766B-E376-4645-A7B6-03130A4A2CA2}"
EndProject
Project("{FAE04EC0-301F-11D3-BF4B-00C04F79EFBC}") = "ThreadNameSpace11", "ThreadNameSpace11\ThreadNameSpace11.csproj", "{5BDE1C4A-CB03-43E4-BD3E-611A146A01DF}"
EndProject
Project("{FAE04EC0-301F-11D3-BF4B-00C04F79EFBC}") = "ThreadNameSpace12", "ThreadNameSpace12\ThreadNameSpace12.csproj", "{7100DB61-4B3A-46C7-A41E-5AC538A888CB}"
EndProject
Project("{FAE04EC0-301F-11D3-BF4B-00C04F79EFBC}") = "TPL1", "TPL1\TPL1.csproj", "{E6CB53FD-3E96-45D2-99B2-4514D9196A89}"
EndProject
Project("{FAE04EC0-301F-11D3-BF4B-00C04F79EFBC}") = "TPL2", "TPL2\TPL2.csproj", "{F0AF84E2-C064-4C02-9B8E-4391411709F7}"
EndProject
Project("{FAE04EC0-301F-11D3-BF4B-00C04F79EFBC}") = "TPL3", "TPL3\TPL3.csproj", "{6B901945-C3AF-4851-A740-7B2E40D1B0DB}"
EndProject
Project("{FAE04EC0-301F-11D3-BF4B-00C04F79EFBC}") = "TPL4", "TPL4\TPL4.csproj", "{4BD2E004-AEFD-45CE-B68D-A864894E176C}"
EndProject
Project("{FAE04EC0-301F-11D3-BF4B-00C04F79EFBC}") = "TPL5", "TPL5\TPL5.csproj", "{0D4EE2E5-68CC-4030-94C9-E3F8E48A32BD}"
EndProject
Project("{FAE04EC0-301F-11D3-BF4B-00C04F79EFBC}") = "TPL6", "TPL6\TPL6.csproj", "{27EEE017-FB80-4070-85AB-470267CEF157}"
EndProject
Project("{FAE04EC0-301F-11D3-BF4B-00C04F79EFBC}") = "TPL7", "TPL7\TPL7.csproj", "{63C242F7-452A-4921-A544-4B5B0E7206E5}"
EndProject
Project("{FAE04EC0-301F-11D3-BF4B-00C04F79EFBC}") = "TPL8", "TPL8\TPL8.csproj", "{A4AF7A40-54EA-46F0-B18D-BE5ED7853304}"
EndProject
Project("{FAE04EC0-301F-11D3-BF4B-00C04F79EFBC}") = "TPL9", "RPL9\TPL9.csproj", "{1BEDA5B1-73A3-4642-9DDB-4755D1D5A5E9}"
EndProject
Project("{FAE04EC0-301F-11D3-BF4B-00C04F79EFBC}") = "TPL10", "TPL10\TPL10.csproj", "{357F3258-D036-4519-8150-DD1FD6FEBCC3}"
EndProject
Project("{FAE04EC0-301F-11D3-BF4B-00C04F79EFBC}") = "TPL11", "TPL11\TPL11.csproj", "{091CC208-DD99-4840-BAA2-69B75F70F81B}"
EndProject
Project("{FAE04EC0-301F-11D3-BF4B-00C04F79EFBC}") = "TPL12", "TPL12\TPL12.csproj", "{E8145970-1AAC-4CBF-AF4C-9C84D3D6407C}"
EndProject
Project("{FAE04EC0-301F-11D3-BF4B-00C04F79EFBC}") = "TPLINQ1", "TPLINQ1\TPLINQ1.csproj", "{1196F4FA-76F9-4077-856B-A7FEEACC8C70}"
EndProject
Project("{FAE04EC0-301F-11D3-BF4B-00C04F79EFBC}") = "LQ1", "LQ1\LQ1.csproj", "{1E34A888-E739-4DCB-AB4D-1C11F0B6A0DA}"
EndProject
Project("{FAE04EC0-301F-11D3-BF4B-00C04F79EFBC}") = "LQ2", "LQ2\LQ2.csproj", "{70EC8221-3456-4A9D-8E95-17BA4A38D56D}"
EndProject
Project("{FAE04EC0-301F-11D3-BF4B-00C04F79EFBC}") = "LQ3", "LQ3\LQ3.csproj", "{EFAA3160-A252-4517-AB66-E82E52CFECC4}"
EndProject
Project("{FAE04EC0-301F-11D3-BF4B-00C04F79EFBC}") = "LQ4", "LQ4\LQ4.csproj", "{0999545C-D612-491A-AC95-DB39E969CE78}"
EndProject
Project("{FAE04EC0-301F-11D3-BF4B-00C04F79EFBC}") = "USafe1", "USafe1\USafe1.csproj", "{670FE6F7-6E04-4666-924E-C9BE6B5C15BE}"
EndProject
Project("{FAE04EC0-301F-11D3-BF4B-00C04F79EFBC}") = "Coll1", "Coll1\Coll1.csproj", "{B04A08E3-D944-4EE5-ABD7-AEC74405FEAC}"
EndProject
Project("{FAE04EC0-301F-11D3-BF4B-00C04F79EFBC}") = "Coll2", "Coll2\Coll2.csproj", "{1B87305F-35AC-48CD-8524-994E4C27F39D}"
EndProject
Project("{FAE04EC0-301F-11D3-BF4B-00C04F79EFBC}") = "Coll3", "Coll3\Coll3.csproj", "{1681DF54-BD8A-4608-B1FF-ACA6A2CE9B64}"
EndProject
Project("{FAE04EC0-301F-11D3-BF4B-00C04F79EFBC}") = "coll4", "coll4\coll4.csproj", "{F4302049-1E94-4773-9E30-AD6D86ECEDD7}"
EndProject
Project("{FAE04EC0-301F-11D3-BF4B-00C04F79EFBC}") = "Coll5", "Coll5\Coll5.csproj", "{082FD557-6324-476F-826C-F3C82EFC0532}"
EndProject
Project("{FAE04EC0-301F-11D3-BF4B-00C04F79EFBC}") = "Coll6", "Coll6\Coll6.csproj", "{191C212C-0C54-4CFF-9D5B-7289FF98009A}"
EndProject
Project("{FAE04EC0-301F-11D3-BF4B-00C04F79EFBC}") = "Coll7", "Coll7\Coll7.csproj", "{3E3AB1EC-4520-4F64-8106-2DAE63638C38}"
EndProject
Project("{FAE04EC0-301F-11D3-BF4B-00C04F79EFBC}") = "Coll8", "Coll8\Coll8.csproj", "{EE690C14-C968-4AD1-8408-05AD522463CB}"
EndProject
Project("{FAE04EC0-301F-11D3-BF4B-00C04F79EFBC}") = "Coll9", "Coll9\Coll9.csproj", "{F41E0FE5-65FB-4585-B90A-B402D0DDA557}"
EndProject
Project("{FAE04EC0-301F-11D3-BF4B-00C04F79EFBC}") = "Coll10", "Coll10\Coll10.csproj", "{FFF9F549-1126-4F13-9C11-85ABF988010D}"
EndProject
Project("{FAE04EC0-301F-11D3-BF4B-00C04F79EFBC}") = "Coll11", "Coll11\Coll11.csproj", "{83680DFE-3455-4885-8D3A-F2B60FA80688}"
EndProject
Project("{FAE04EC0-301F-11D3-BF4B-00C04F79EFBC}") = "Coll12", "Coll12\Coll12.csproj", "{7FFBC64D-685E-44F4-820E-F913C093A83F}"
EndProject
Project("{FAE04EC0-301F-11D3-BF4B-00C04F79EFBC}") = "Coll13", "Coll13\Coll13.csproj", "{0677A50A-06F4-4B7E-822D-2B3DE1F8B9D7}"
EndProject
Project("{FAE04EC0-301F-11D3-BF4B-00C04F79EFBC}") = "Coll14", "Coll14\Coll14.csproj", "{F82DFE10-03D1-4039-8F1C-B8DF6B436A77}"
EndProject
Project("{FAE04EC0-301F-11D3-BF4B-00C04F79EFBC}") = "Coll15", "Coll15\Coll15.csproj", "{AD00584E-1076-4045-9704-40219BFB59DC}"
EndProject
Project("{FAE04EC0-301F-11D3-BF4B-00C04F79EFBC}") = "Coll16", "Coll16\Coll16.csproj", "{0ADC51F1-102C-40E7-8315-3DDF2476D5A5}"
EndProject
Project("{FAE04EC0-301F-11D3-BF4B-00C04F79EFBC}") = "Coll17", "Coll17\Coll17.csproj", "{4F5F8791-8566-4036-A039-168C5668A3E2}"
EndProject
Project("{FAE04EC0-301F-11D3-BF4B-00C04F79EFBC}") = "Coll18", "Coll18\Coll18.csproj", "{16A1EF64-5B01-4125-84CD-F6F5015BB655}"
EndProject
Project("{FAE04EC0-301F-11D3-BF4B-00C04F79EFBC}") = "Coll19", "Coll19\Coll19.csproj", "{CCD84036-A66F-4A42-B229-D793BBB5BD6C}"
EndProject
Project("{FAE04EC0-301F-11D3-BF4B-00C04F79EFBC}") = "Coll20", "Coll20\Coll20.csproj", "{E996FB72-5FCE-4A80-BE93-0C49E7AD09E1}"
EndProject
Project("{FAE04EC0-301F-11D3-BF4B-00C04F79EFBC}") = "Coll21", "Coll21\Coll21.csproj", "{CBD10004-7D81-4DEF-9699-376B7017A3C0}"
EndProject
Project("{FAE04EC0-301F-11D3-BF4B-00C04F79EFBC}") = "Coll22", "Coll22\Coll22.csproj", "{5E3355F2-EC19-421D-8EFA-15DFDD2198C8}"
EndProject
Project("{FAE04EC0-301F-11D3-BF4B-00C04F79EFBC}") = "Coll23", "Coll23\Coll23.csproj", "{7868A215-A548-4212-9279-9594141F4A13}"
EndProject
Project("{FAE04EC0-301F-11D3-BF4B-00C04F79EFBC}") = "Coll24", "Coll24\Coll24.csproj", "{671CA36A-21DC-472E-80D8-48ADFF001582}"
EndProject
Project("{FAE04EC0-301F-11D3-BF4B-00C04F79EFBC}") = "Coll25", "Coll25\Coll25.csproj", "{E8427515-03ED-4EC3-ABFA-F635AC01C2D6}"
EndProject
Project("{FAE04EC0-301F-11D3-BF4B-00C04F79EFBC}") = "Coll26", "Coll26\Coll26.csproj", "{A5C182C3-5258-4B47-A6D9-31E9D96877C6}"
EndProject
Project("{FAE04EC0-301F-11D3-BF4B-00C04F79EFBC}") = "Coll27", "Coll27\Coll27.csproj", "{7F6BB52F-1381-4087-94D1-34351F42B094}"
EndProject
Project("{FAE04EC0-301F-11D3-BF4B-00C04F79EFBC}") = "Coll28", "Coll28\Coll28.csproj", "{5F69B342-F8FE-47C1-92D6-C1B3C2FA535B}"
EndProject
Project("{FAE04EC0-301F-11D3-BF4B-00C04F79EFBC}") = "Coll29", "Coll29\Coll29.csproj", "{F24D7CCE-EAF7-472D-AE85-ACEA45431199}"
EndProject
Project("{FAE04EC0-301F-11D3-BF4B-00C04F79EFBC}") = "Coll30", "Coll30\Coll30.csproj", "{AAA84C5A-2BA6-4D27-A4AA-F2DAE78EB686}"
EndProject
Project("{FAE04EC0-301F-11D3-BF4B-00C04F79EFBC}") = "Networking", "Networking\Networking.csproj", "{5AC478C1-C773-4BF7-BF3B-5D4D202000A8}"
EndProject
Global
	GlobalSection(SolutionConfigurationPlatforms) = preSolution
		Debug|Any CPU = Debug|Any CPU
		Release|Any CPU = Release|Any CPU
	EndGlobalSection
	GlobalSection(ProjectConfigurationPlatforms) = postSolution
		{6783B585-DD0B-4C26-889E-D6E76DA4E26C}.Debug|Any CPU.ActiveCfg = Debug|Any CPU
		{6783B585-DD0B-4C26-889E-D6E76DA4E26C}.Debug|Any CPU.Build.0 = Debug|Any CPU
		{6783B585-DD0B-4C26-889E-D6E76DA4E26C}.Release|Any CPU.ActiveCfg = Release|Any CPU
		{6783B585-DD0B-4C26-889E-D6E76DA4E26C}.Release|Any CPU.Build.0 = Release|Any CPU
		{971F2A5F-00A8-4599-86B6-3FA3B7DE8905}.Debug|Any CPU.ActiveCfg = Debug|Any CPU
		{971F2A5F-00A8-4599-86B6-3FA3B7DE8905}.Debug|Any CPU.Build.0 = Debug|Any CPU
		{971F2A5F-00A8-4599-86B6-3FA3B7DE8905}.Release|Any CPU.ActiveCfg = Release|Any CPU
		{971F2A5F-00A8-4599-86B6-3FA3B7DE8905}.Release|Any CPU.Build.0 = Release|Any CPU
		{2683E4E0-1856-45FD-9638-A8FE9DDD908C}.Debug|Any CPU.ActiveCfg = Debug|Any CPU
		{2683E4E0-1856-45FD-9638-A8FE9DDD908C}.Debug|Any CPU.Build.0 = Debug|Any CPU
		{2683E4E0-1856-45FD-9638-A8FE9DDD908C}.Release|Any CPU.ActiveCfg = Release|Any CPU
		{2683E4E0-1856-45FD-9638-A8FE9DDD908C}.Release|Any CPU.Build.0 = Release|Any CPU
		{449C28DB-6B94-4462-9284-776CAFB117C6}.Debug|Any CPU.ActiveCfg = Debug|Any CPU
		{449C28DB-6B94-4462-9284-776CAFB117C6}.Debug|Any CPU.Build.0 = Debug|Any CPU
		{449C28DB-6B94-4462-9284-776CAFB117C6}.Release|Any CPU.ActiveCfg = Release|Any CPU
		{449C28DB-6B94-4462-9284-776CAFB117C6}.Release|Any CPU.Build.0 = Release|Any CPU
		{FDBA3422-5C2A-4A69-8C4B-915D51569806}.Debug|Any CPU.ActiveCfg = Debug|Any CPU
		{FDBA3422-5C2A-4A69-8C4B-915D51569806}.Debug|Any CPU.Build.0 = Debug|Any CPU
		{FDBA3422-5C2A-4A69-8C4B-915D51569806}.Release|Any CPU.ActiveCfg = Release|Any CPU
		{FDBA3422-5C2A-4A69-8C4B-915D51569806}.Release|Any CPU.Build.0 = Release|Any CPU
		{A06F87B0-D364-45D9-A06C-92A7B3A6FC3D}.Debug|Any CPU.ActiveCfg = Debug|Any CPU
		{A06F87B0-D364-45D9-A06C-92A7B3A6FC3D}.Debug|Any CPU.Build.0 = Debug|Any CPU
		{A06F87B0-D364-45D9-A06C-92A7B3A6FC3D}.Release|Any CPU.ActiveCfg = Release|Any CPU
		{A06F87B0-D364-45D9-A06C-92A7B3A6FC3D}.Release|Any CPU.Build.0 = Release|Any CPU
		{4377F1F3-8FA8-45E8-B39E-30978EB986D4}.Debug|Any CPU.ActiveCfg = Debug|Any CPU
		{4377F1F3-8FA8-45E8-B39E-30978EB986D4}.Debug|Any CPU.Build.0 = Debug|Any CPU
		{4377F1F3-8FA8-45E8-B39E-30978EB986D4}.Release|Any CPU.ActiveCfg = Release|Any CPU
		{4377F1F3-8FA8-45E8-B39E-30978EB986D4}.Release|Any CPU.Build.0 = Release|Any CPU
		{DB43B7F0-8400-4782-AD5A-9F112D71542B}.Debug|Any CPU.ActiveCfg = Debug|Any CPU
		{DB43B7F0-8400-4782-AD5A-9F112D71542B}.Debug|Any CPU.Build.0 = Debug|Any CPU
		{DB43B7F0-8400-4782-AD5A-9F112D71542B}.Release|Any CPU.ActiveCfg = Release|Any CPU
		{DB43B7F0-8400-4782-AD5A-9F112D71542B}.Release|Any CPU.Build.0 = Release|Any CPU
		{56DA7E3B-D552-4870-9F48-EC24394B5FFF}.Debug|Any CPU.ActiveCfg = Debug|Any CPU
		{56DA7E3B-D552-4870-9F48-EC24394B5FFF}.Debug|Any CPU.Build.0 = Debug|Any CPU
		{56DA7E3B-D552-4870-9F48-EC24394B5FFF}.Release|Any CPU.ActiveCfg = Release|Any CPU
		{56DA7E3B-D552-4870-9F48-EC24394B5FFF}.Release|Any CPU.Build.0 = Release|Any CPU
		{57A947E7-17D0-4D35-8260-7B3BAC07CCB6}.Debug|Any CPU.ActiveCfg = Debug|Any CPU
		{57A947E7-17D0-4D35-8260-7B3BAC07CCB6}.Debug|Any CPU.Build.0 = Debug|Any CPU
		{57A947E7-17D0-4D35-8260-7B3BAC07CCB6}.Release|Any CPU.ActiveCfg = Release|Any CPU
		{57A947E7-17D0-4D35-8260-7B3BAC07CCB6}.Release|Any CPU.Build.0 = Release|Any CPU
		{0FF878DD-0AA3-413B-B818-5977F16245B9}.Debug|Any CPU.ActiveCfg = Debug|Any CPU
		{0FF878DD-0AA3-413B-B818-5977F16245B9}.Debug|Any CPU.Build.0 = Debug|Any CPU
		{0FF878DD-0AA3-413B-B818-5977F16245B9}.Release|Any CPU.ActiveCfg = Release|Any CPU
		{0FF878DD-0AA3-413B-B818-5977F16245B9}.Release|Any CPU.Build.0 = Release|Any CPU
		{E99CD63C-4E19-43A9-8FCA-91E0B74C4E52}.Debug|Any CPU.ActiveCfg = Debug|Any CPU
		{E99CD63C-4E19-43A9-8FCA-91E0B74C4E52}.Debug|Any CPU.Build.0 = Debug|Any CPU
		{E99CD63C-4E19-43A9-8FCA-91E0B74C4E52}.Release|Any CPU.ActiveCfg = Release|Any CPU
		{E99CD63C-4E19-43A9-8FCA-91E0B74C4E52}.Release|Any CPU.Build.0 = Release|Any CPU
		{536ABA35-A91A-4FC8-AC7D-614023A8125E}.Debug|Any CPU.ActiveCfg = Debug|Any CPU
		{536ABA35-A91A-4FC8-AC7D-614023A8125E}.Debug|Any CPU.Build.0 = Debug|Any CPU
		{536ABA35-A91A-4FC8-AC7D-614023A8125E}.Release|Any CPU.ActiveCfg = Release|Any CPU
		{536ABA35-A91A-4FC8-AC7D-614023A8125E}.Release|Any CPU.Build.0 = Release|Any CPU
		{BAF10E32-47B3-4C51-9F58-2449C27C793B}.Debug|Any CPU.ActiveCfg = Debug|Any CPU
		{BAF10E32-47B3-4C51-9F58-2449C27C793B}.Debug|Any CPU.Build.0 = Debug|Any CPU
		{BAF10E32-47B3-4C51-9F58-2449C27C793B}.Release|Any CPU.ActiveCfg = Release|Any CPU
		{BAF10E32-47B3-4C51-9F58-2449C27C793B}.Release|Any CPU.Build.0 = Release|Any CPU
		{2B5C4A75-2D0B-4C98-94C9-C3C90072882D}.Debug|Any CPU.ActiveCfg = Debug|Any CPU
		{2B5C4A75-2D0B-4C98-94C9-C3C90072882D}.Debug|Any CPU.Build.0 = Debug|Any CPU
		{2B5C4A75-2D0B-4C98-94C9-C3C90072882D}.Release|Any CPU.ActiveCfg = Release|Any CPU
		{2B5C4A75-2D0B-4C98-94C9-C3C90072882D}.Release|Any CPU.Build.0 = Release|Any CPU
		{69445BDC-DBB6-4B2D-9FC9-76364398ED46}.Debug|Any CPU.ActiveCfg = Debug|Any CPU
		{69445BDC-DBB6-4B2D-9FC9-76364398ED46}.Debug|Any CPU.Build.0 = Debug|Any CPU
		{69445BDC-DBB6-4B2D-9FC9-76364398ED46}.Release|Any CPU.ActiveCfg = Release|Any CPU
		{69445BDC-DBB6-4B2D-9FC9-76364398ED46}.Release|Any CPU.Build.0 = Release|Any CPU
		{950DCA05-1542-4424-9291-430535C2D7CA}.Debug|Any CPU.ActiveCfg = Debug|Any CPU
		{950DCA05-1542-4424-9291-430535C2D7CA}.Debug|Any CPU.Build.0 = Debug|Any CPU
		{950DCA05-1542-4424-9291-430535C2D7CA}.Release|Any CPU.ActiveCfg = Release|Any CPU
		{950DCA05-1542-4424-9291-430535C2D7CA}.Release|Any CPU.Build.0 = Release|Any CPU
		{383B91C6-AA43-4CBF-A5AB-8DE05085E1C0}.Debug|Any CPU.ActiveCfg = Debug|Any CPU
		{383B91C6-AA43-4CBF-A5AB-8DE05085E1C0}.Debug|Any CPU.Build.0 = Debug|Any CPU
		{383B91C6-AA43-4CBF-A5AB-8DE05085E1C0}.Release|Any CPU.ActiveCfg = Release|Any CPU
		{383B91C6-AA43-4CBF-A5AB-8DE05085E1C0}.Release|Any CPU.Build.0 = Release|Any CPU
		{BCCFC869-A275-4788-AB33-FB6A2AF64F19}.Debug|Any CPU.ActiveCfg = Debug|Any CPU
		{BCCFC869-A275-4788-AB33-FB6A2AF64F19}.Debug|Any CPU.Build.0 = Debug|Any CPU
		{BCCFC869-A275-4788-AB33-FB6A2AF64F19}.Release|Any CPU.ActiveCfg = Release|Any CPU
		{BCCFC869-A275-4788-AB33-FB6A2AF64F19}.Release|Any CPU.Build.0 = Release|Any CPU
		{C8491DB6-3F41-45A6-A732-2A76D8666FFD}.Debug|Any CPU.ActiveCfg = Debug|Any CPU
		{C8491DB6-3F41-45A6-A732-2A76D8666FFD}.Debug|Any CPU.Build.0 = Debug|Any CPU
		{C8491DB6-3F41-45A6-A732-2A76D8666FFD}.Release|Any CPU.ActiveCfg = Release|Any CPU
		{C8491DB6-3F41-45A6-A732-2A76D8666FFD}.Release|Any CPU.Build.0 = Release|Any CPU
		{60C878BF-F9FB-40AC-B586-18E97BDB08CD}.Debug|Any CPU.ActiveCfg = Debug|Any CPU
		{60C878BF-F9FB-40AC-B586-18E97BDB08CD}.Debug|Any CPU.Build.0 = Debug|Any CPU
		{60C878BF-F9FB-40AC-B586-18E97BDB08CD}.Release|Any CPU.ActiveCfg = Release|Any CPU
		{60C878BF-F9FB-40AC-B586-18E97BDB08CD}.Release|Any CPU.Build.0 = Release|Any CPU
		{868ABE9E-25E9-4C19-A90B-F0EA04E13439}.Debug|Any CPU.ActiveCfg = Debug|Any CPU
		{868ABE9E-25E9-4C19-A90B-F0EA04E13439}.Debug|Any CPU.Build.0 = Debug|Any CPU
		{868ABE9E-25E9-4C19-A90B-F0EA04E13439}.Release|Any CPU.ActiveCfg = Release|Any CPU
		{868ABE9E-25E9-4C19-A90B-F0EA04E13439}.Release|Any CPU.Build.0 = Release|Any CPU
		{D4DCD356-AB43-43ED-B807-C4F8A79B5F14}.Debug|Any CPU.ActiveCfg = Debug|Any CPU
		{D4DCD356-AB43-43ED-B807-C4F8A79B5F14}.Debug|Any CPU.Build.0 = Debug|Any CPU
		{D4DCD356-AB43-43ED-B807-C4F8A79B5F14}.Release|Any CPU.ActiveCfg = Release|Any CPU
		{D4DCD356-AB43-43ED-B807-C4F8A79B5F14}.Release|Any CPU.Build.0 = Release|Any CPU
		{39740C03-BCF9-4CE7-9B41-2FD4980B2103}.Debug|Any CPU.ActiveCfg = Debug|Any CPU
		{39740C03-BCF9-4CE7-9B41-2FD4980B2103}.Debug|Any CPU.Build.0 = Debug|Any CPU
		{39740C03-BCF9-4CE7-9B41-2FD4980B2103}.Release|Any CPU.ActiveCfg = Release|Any CPU
		{39740C03-BCF9-4CE7-9B41-2FD4980B2103}.Release|Any CPU.Build.0 = Release|Any CPU
		{6767EA95-65DF-46A7-8CCC-83830447CCA2}.Debug|Any CPU.ActiveCfg = Debug|Any CPU
		{6767EA95-65DF-46A7-8CCC-83830447CCA2}.Debug|Any CPU.Build.0 = Debug|Any CPU
		{6767EA95-65DF-46A7-8CCC-83830447CCA2}.Release|Any CPU.ActiveCfg = Release|Any CPU
		{6767EA95-65DF-46A7-8CCC-83830447CCA2}.Release|Any CPU.Build.0 = Release|Any CPU
		{0150BC37-D9A1-4779-9BA7-E2A7418B89E5}.Debug|Any CPU.ActiveCfg = Debug|Any CPU
		{0150BC37-D9A1-4779-9BA7-E2A7418B89E5}.Debug|Any CPU.Build.0 = Debug|Any CPU
		{0150BC37-D9A1-4779-9BA7-E2A7418B89E5}.Release|Any CPU.ActiveCfg = Release|Any CPU
		{0150BC37-D9A1-4779-9BA7-E2A7418B89E5}.Release|Any CPU.Build.0 = Release|Any CPU
		{4872BC02-1E63-48E5-ACB2-0E0393DC62F0}.Debug|Any CPU.ActiveCfg = Debug|Any CPU
		{4872BC02-1E63-48E5-ACB2-0E0393DC62F0}.Debug|Any CPU.Build.0 = Debug|Any CPU
		{4872BC02-1E63-48E5-ACB2-0E0393DC62F0}.Release|Any CPU.ActiveCfg = Release|Any CPU
		{4872BC02-1E63-48E5-ACB2-0E0393DC62F0}.Release|Any CPU.Build.0 = Release|Any CPU
		{884F0251-D62E-4AE2-9B06-A474F02E594E}.Debug|Any CPU.ActiveCfg = Debug|Any CPU
		{884F0251-D62E-4AE2-9B06-A474F02E594E}.Debug|Any CPU.Build.0 = Debug|Any CPU
		{884F0251-D62E-4AE2-9B06-A474F02E594E}.Release|Any CPU.ActiveCfg = Release|Any CPU
		{884F0251-D62E-4AE2-9B06-A474F02E594E}.Release|Any CPU.Build.0 = Release|Any CPU
		{3342DF75-6422-493C-A669-D384BA228BDD}.Debug|Any CPU.ActiveCfg = Debug|Any CPU
		{3342DF75-6422-493C-A669-D384BA228BDD}.Debug|Any CPU.Build.0 = Debug|Any CPU
		{3342DF75-6422-493C-A669-D384BA228BDD}.Release|Any CPU.ActiveCfg = Release|Any CPU
		{3342DF75-6422-493C-A669-D384BA228BDD}.Release|Any CPU.Build.0 = Release|Any CPU
		{45CB3778-3386-44C0-8C03-796E7FE27BC0}.Debug|Any CPU.ActiveCfg = Debug|Any CPU
		{45CB3778-3386-44C0-8C03-796E7FE27BC0}.Debug|Any CPU.Build.0 = Debug|Any CPU
		{45CB3778-3386-44C0-8C03-796E7FE27BC0}.Release|Any CPU.ActiveCfg = Release|Any CPU
		{45CB3778-3386-44C0-8C03-796E7FE27BC0}.Release|Any CPU.Build.0 = Release|Any CPU
		{B68BD06C-D896-4B5B-89D1-0FB80A6693AB}.Debug|Any CPU.ActiveCfg = Debug|Any CPU
		{B68BD06C-D896-4B5B-89D1-0FB80A6693AB}.Debug|Any CPU.Build.0 = Debug|Any CPU
		{B68BD06C-D896-4B5B-89D1-0FB80A6693AB}.Release|Any CPU.ActiveCfg = Release|Any CPU
		{B68BD06C-D896-4B5B-89D1-0FB80A6693AB}.Release|Any CPU.Build.0 = Release|Any CPU
		{E8BE288C-78EA-4EDB-8059-C956AE7DD446}.Debug|Any CPU.ActiveCfg = Debug|Any CPU
		{E8BE288C-78EA-4EDB-8059-C956AE7DD446}.Debug|Any CPU.Build.0 = Debug|Any CPU
		{E8BE288C-78EA-4EDB-8059-C956AE7DD446}.Release|Any CPU.ActiveCfg = Release|Any CPU
		{E8BE288C-78EA-4EDB-8059-C956AE7DD446}.Release|Any CPU.Build.0 = Release|Any CPU
		{550A318B-420C-4464-B6C0-ED1CF4D086C0}.Debug|Any CPU.ActiveCfg = Debug|Any CPU
		{550A318B-420C-4464-B6C0-ED1CF4D086C0}.Debug|Any CPU.Build.0 = Debug|Any CPU
		{550A318B-420C-4464-B6C0-ED1CF4D086C0}.Release|Any CPU.ActiveCfg = Release|Any CPU
		{550A318B-420C-4464-B6C0-ED1CF4D086C0}.Release|Any CPU.Build.0 = Release|Any CPU
		{80183F81-0994-4629-A77E-05A441FBA8B3}.Debug|Any CPU.ActiveCfg = Debug|Any CPU
		{80183F81-0994-4629-A77E-05A441FBA8B3}.Debug|Any CPU.Build.0 = Debug|Any CPU
		{80183F81-0994-4629-A77E-05A441FBA8B3}.Release|Any CPU.ActiveCfg = Release|Any CPU
		{80183F81-0994-4629-A77E-05A441FBA8B3}.Release|Any CPU.Build.0 = Release|Any CPU
		{049000B6-B6C7-4D78-BA18-B899D48A4B0B}.Debug|Any CPU.ActiveCfg = Debug|Any CPU
		{049000B6-B6C7-4D78-BA18-B899D48A4B0B}.Debug|Any CPU.Build.0 = Debug|Any CPU
		{049000B6-B6C7-4D78-BA18-B899D48A4B0B}.Release|Any CPU.ActiveCfg = Release|Any CPU
		{049000B6-B6C7-4D78-BA18-B899D48A4B0B}.Release|Any CPU.Build.0 = Release|Any CPU
		{9BE52DEC-01EA-4770-9EAC-51A7174DF843}.Debug|Any CPU.ActiveCfg = Debug|Any CPU
		{9BE52DEC-01EA-4770-9EAC-51A7174DF843}.Debug|Any CPU.Build.0 = Debug|Any CPU
		{9BE52DEC-01EA-4770-9EAC-51A7174DF843}.Release|Any CPU.ActiveCfg = Release|Any CPU
		{9BE52DEC-01EA-4770-9EAC-51A7174DF843}.Release|Any CPU.Build.0 = Release|Any CPU
		{BFF83B55-7330-415E-B3AC-247712BC6F75}.Debug|Any CPU.ActiveCfg = Debug|Any CPU
		{BFF83B55-7330-415E-B3AC-247712BC6F75}.Debug|Any CPU.Build.0 = Debug|Any CPU
		{BFF83B55-7330-415E-B3AC-247712BC6F75}.Release|Any CPU.ActiveCfg = Release|Any CPU
		{BFF83B55-7330-415E-B3AC-247712BC6F75}.Release|Any CPU.Build.0 = Release|Any CPU
		{95B88702-E3BE-44B6-BDF1-48EE532FDCB6}.Debug|Any CPU.ActiveCfg = Debug|Any CPU
		{95B88702-E3BE-44B6-BDF1-48EE532FDCB6}.Debug|Any CPU.Build.0 = Debug|Any CPU
		{95B88702-E3BE-44B6-BDF1-48EE532FDCB6}.Release|Any CPU.ActiveCfg = Release|Any CPU
		{95B88702-E3BE-44B6-BDF1-48EE532FDCB6}.Release|Any CPU.Build.0 = Release|Any CPU
		{C7B10463-9871-4FA2-9D66-A657E4087B44}.Debug|Any CPU.ActiveCfg = Debug|Any CPU
		{C7B10463-9871-4FA2-9D66-A657E4087B44}.Debug|Any CPU.Build.0 = Debug|Any CPU
		{C7B10463-9871-4FA2-9D66-A657E4087B44}.Release|Any CPU.ActiveCfg = Release|Any CPU
		{C7B10463-9871-4FA2-9D66-A657E4087B44}.Release|Any CPU.Build.0 = Release|Any CPU
		{A248A634-2170-4621-88F8-05AE55FF9E29}.Debug|Any CPU.ActiveCfg = Debug|Any CPU
		{A248A634-2170-4621-88F8-05AE55FF9E29}.Debug|Any CPU.Build.0 = Debug|Any CPU
		{A248A634-2170-4621-88F8-05AE55FF9E29}.Release|Any CPU.ActiveCfg = Release|Any CPU
		{A248A634-2170-4621-88F8-05AE55FF9E29}.Release|Any CPU.Build.0 = Release|Any CPU
		{7D1313C2-6F13-4402-96A0-048C3A3DC1F3}.Debug|Any CPU.ActiveCfg = Debug|Any CPU
		{7D1313C2-6F13-4402-96A0-048C3A3DC1F3}.Debug|Any CPU.Build.0 = Debug|Any CPU
		{7D1313C2-6F13-4402-96A0-048C3A3DC1F3}.Release|Any CPU.ActiveCfg = Release|Any CPU
		{7D1313C2-6F13-4402-96A0-048C3A3DC1F3}.Release|Any CPU.Build.0 = Release|Any CPU
		{443E043C-658D-4CFD-BE15-D1BF7A0AF3F1}.Debug|Any CPU.ActiveCfg = Debug|Any CPU
		{443E043C-658D-4CFD-BE15-D1BF7A0AF3F1}.Debug|Any CPU.Build.0 = Debug|Any CPU
		{443E043C-658D-4CFD-BE15-D1BF7A0AF3F1}.Release|Any CPU.ActiveCfg = Release|Any CPU
		{443E043C-658D-4CFD-BE15-D1BF7A0AF3F1}.Release|Any CPU.Build.0 = Release|Any CPU
		{601C77BE-86B6-4643-A756-24A25D1D66CD}.Debug|Any CPU.ActiveCfg = Debug|Any CPU
		{601C77BE-86B6-4643-A756-24A25D1D66CD}.Debug|Any CPU.Build.0 = Debug|Any CPU
		{601C77BE-86B6-4643-A756-24A25D1D66CD}.Release|Any CPU.ActiveCfg = Release|Any CPU
		{601C77BE-86B6-4643-A756-24A25D1D66CD}.Release|Any CPU.Build.0 = Release|Any CPU
		{7EA91358-CE06-4B4F-95C8-26668103F4BB}.Debug|Any CPU.ActiveCfg = Debug|Any CPU
		{7EA91358-CE06-4B4F-95C8-26668103F4BB}.Debug|Any CPU.Build.0 = Debug|Any CPU
		{7EA91358-CE06-4B4F-95C8-26668103F4BB}.Release|Any CPU.ActiveCfg = Release|Any CPU
		{7EA91358-CE06-4B4F-95C8-26668103F4BB}.Release|Any CPU.Build.0 = Release|Any CPU
		{A494B8DF-516A-474B-B7E7-83935C9BB6F0}.Debug|Any CPU.ActiveCfg = Debug|Any CPU
		{A494B8DF-516A-474B-B7E7-83935C9BB6F0}.Debug|Any CPU.Build.0 = Debug|Any CPU
		{A494B8DF-516A-474B-B7E7-83935C9BB6F0}.Release|Any CPU.ActiveCfg = Release|Any CPU
		{A494B8DF-516A-474B-B7E7-83935C9BB6F0}.Release|Any CPU.Build.0 = Release|Any CPU
		{1EC33F4A-B9C5-4852-BDCC-229B3AC31863}.Debug|Any CPU.ActiveCfg = Debug|Any CPU
		{1EC33F4A-B9C5-4852-BDCC-229B3AC31863}.Debug|Any CPU.Build.0 = Debug|Any CPU
		{1EC33F4A-B9C5-4852-BDCC-229B3AC31863}.Release|Any CPU.ActiveCfg = Release|Any CPU
		{1EC33F4A-B9C5-4852-BDCC-229B3AC31863}.Release|Any CPU.Build.0 = Release|Any CPU
		{59E103B2-9DC3-48FD-825F-7111858261C2}.Debug|Any CPU.ActiveCfg = Debug|Any CPU
		{59E103B2-9DC3-48FD-825F-7111858261C2}.Debug|Any CPU.Build.0 = Debug|Any CPU
		{59E103B2-9DC3-48FD-825F-7111858261C2}.Release|Any CPU.ActiveCfg = Release|Any CPU
		{59E103B2-9DC3-48FD-825F-7111858261C2}.Release|Any CPU.Build.0 = Release|Any CPU
		{55385F9F-C68A-42D8-809C-B534192E7893}.Debug|Any CPU.ActiveCfg = Debug|Any CPU
		{55385F9F-C68A-42D8-809C-B534192E7893}.Debug|Any CPU.Build.0 = Debug|Any CPU
		{55385F9F-C68A-42D8-809C-B534192E7893}.Release|Any CPU.ActiveCfg = Release|Any CPU
		{55385F9F-C68A-42D8-809C-B534192E7893}.Release|Any CPU.Build.0 = Release|Any CPU
		{1A9441E0-C3EE-4968-8811-E59C845D3C62}.Debug|Any CPU.ActiveCfg = Debug|Any CPU
		{1A9441E0-C3EE-4968-8811-E59C845D3C62}.Debug|Any CPU.Build.0 = Debug|Any CPU
		{1A9441E0-C3EE-4968-8811-E59C845D3C62}.Release|Any CPU.ActiveCfg = Release|Any CPU
		{1A9441E0-C3EE-4968-8811-E59C845D3C62}.Release|Any CPU.Build.0 = Release|Any CPU
		{EEC69D31-87F8-403D-BF50-CB731417053C}.Debug|Any CPU.ActiveCfg = Debug|Any CPU
		{EEC69D31-87F8-403D-BF50-CB731417053C}.Debug|Any CPU.Build.0 = Debug|Any CPU
		{EEC69D31-87F8-403D-BF50-CB731417053C}.Release|Any CPU.ActiveCfg = Release|Any CPU
		{EEC69D31-87F8-403D-BF50-CB731417053C}.Release|Any CPU.Build.0 = Release|Any CPU
		{A53FCAC2-9251-45D5-866F-603FAE0B14DD}.Debug|Any CPU.ActiveCfg = Debug|Any CPU
		{A53FCAC2-9251-45D5-866F-603FAE0B14DD}.Debug|Any CPU.Build.0 = Debug|Any CPU
		{A53FCAC2-9251-45D5-866F-603FAE0B14DD}.Release|Any CPU.ActiveCfg = Release|Any CPU
		{A53FCAC2-9251-45D5-866F-603FAE0B14DD}.Release|Any CPU.Build.0 = Release|Any CPU
		{9713017D-F6AA-4CBE-9188-A42E68C872D3}.Debug|Any CPU.ActiveCfg = Debug|Any CPU
		{9713017D-F6AA-4CBE-9188-A42E68C872D3}.Debug|Any CPU.Build.0 = Debug|Any CPU
		{9713017D-F6AA-4CBE-9188-A42E68C872D3}.Release|Any CPU.ActiveCfg = Release|Any CPU
		{9713017D-F6AA-4CBE-9188-A42E68C872D3}.Release|Any CPU.Build.0 = Release|Any CPU
		{B862E747-536B-4D4D-A561-FE41A0842EDD}.Debug|Any CPU.ActiveCfg = Debug|Any CPU
		{B862E747-536B-4D4D-A561-FE41A0842EDD}.Debug|Any CPU.Build.0 = Debug|Any CPU
		{B862E747-536B-4D4D-A561-FE41A0842EDD}.Release|Any CPU.ActiveCfg = Release|Any CPU
		{B862E747-536B-4D4D-A561-FE41A0842EDD}.Release|Any CPU.Build.0 = Release|Any CPU
		{7199F22C-5BA8-4DD9-A99D-BAB47AB8B6E5}.Debug|Any CPU.ActiveCfg = Debug|Any CPU
		{7199F22C-5BA8-4DD9-A99D-BAB47AB8B6E5}.Debug|Any CPU.Build.0 = Debug|Any CPU
		{7199F22C-5BA8-4DD9-A99D-BAB47AB8B6E5}.Release|Any CPU.ActiveCfg = Release|Any CPU
		{7199F22C-5BA8-4DD9-A99D-BAB47AB8B6E5}.Release|Any CPU.Build.0 = Release|Any CPU
		{D010E8B6-C4F1-4B9A-A145-F8DB73151B67}.Debug|Any CPU.ActiveCfg = Debug|Any CPU
		{D010E8B6-C4F1-4B9A-A145-F8DB73151B67}.Debug|Any CPU.Build.0 = Debug|Any CPU
		{D010E8B6-C4F1-4B9A-A145-F8DB73151B67}.Release|Any CPU.ActiveCfg = Release|Any CPU
		{D010E8B6-C4F1-4B9A-A145-F8DB73151B67}.Release|Any CPU.Build.0 = Release|Any CPU
		{9FCAD427-4329-4D58-8466-E974E71A5C56}.Debug|Any CPU.ActiveCfg = Debug|Any CPU
		{9FCAD427-4329-4D58-8466-E974E71A5C56}.Debug|Any CPU.Build.0 = Debug|Any CPU
		{9FCAD427-4329-4D58-8466-E974E71A5C56}.Release|Any CPU.ActiveCfg = Release|Any CPU
		{9FCAD427-4329-4D58-8466-E974E71A5C56}.Release|Any CPU.Build.0 = Release|Any CPU
		{E7DBD2B6-A292-4118-947F-1C98DCF99F7A}.Debug|Any CPU.ActiveCfg = Debug|Any CPU
		{E7DBD2B6-A292-4118-947F-1C98DCF99F7A}.Debug|Any CPU.Build.0 = Debug|Any CPU
		{E7DBD2B6-A292-4118-947F-1C98DCF99F7A}.Release|Any CPU.ActiveCfg = Release|Any CPU
		{E7DBD2B6-A292-4118-947F-1C98DCF99F7A}.Release|Any CPU.Build.0 = Release|Any CPU
		{296F1853-E622-47A5-A7B4-82C0B3F578B5}.Debug|Any CPU.ActiveCfg = Debug|Any CPU
		{296F1853-E622-47A5-A7B4-82C0B3F578B5}.Debug|Any CPU.Build.0 = Debug|Any CPU
		{296F1853-E622-47A5-A7B4-82C0B3F578B5}.Release|Any CPU.ActiveCfg = Release|Any CPU
		{296F1853-E622-47A5-A7B4-82C0B3F578B5}.Release|Any CPU.Build.0 = Release|Any CPU
		{B8588027-9F58-4C5C-8C96-6264B56B035E}.Debug|Any CPU.ActiveCfg = Debug|Any CPU
		{B8588027-9F58-4C5C-8C96-6264B56B035E}.Debug|Any CPU.Build.0 = Debug|Any CPU
		{B8588027-9F58-4C5C-8C96-6264B56B035E}.Release|Any CPU.ActiveCfg = Release|Any CPU
		{B8588027-9F58-4C5C-8C96-6264B56B035E}.Release|Any CPU.Build.0 = Release|Any CPU
		{9FE2DD33-5303-41C7-A95E-7A68FCEC0F60}.Debug|Any CPU.ActiveCfg = Debug|Any CPU
		{9FE2DD33-5303-41C7-A95E-7A68FCEC0F60}.Debug|Any CPU.Build.0 = Debug|Any CPU
		{9FE2DD33-5303-41C7-A95E-7A68FCEC0F60}.Release|Any CPU.ActiveCfg = Release|Any CPU
		{9FE2DD33-5303-41C7-A95E-7A68FCEC0F60}.Release|Any CPU.Build.0 = Release|Any CPU
		{CB2740E4-D9BB-494A-9C66-A0B9A9FE744D}.Debug|Any CPU.ActiveCfg = Debug|Any CPU
		{CB2740E4-D9BB-494A-9C66-A0B9A9FE744D}.Debug|Any CPU.Build.0 = Debug|Any CPU
		{CB2740E4-D9BB-494A-9C66-A0B9A9FE744D}.Release|Any CPU.ActiveCfg = Release|Any CPU
		{CB2740E4-D9BB-494A-9C66-A0B9A9FE744D}.Release|Any CPU.Build.0 = Release|Any CPU
		{F246B311-5368-4960-B26E-B441B2F3E19C}.Debug|Any CPU.ActiveCfg = Debug|Any CPU
		{F246B311-5368-4960-B26E-B441B2F3E19C}.Debug|Any CPU.Build.0 = Debug|Any CPU
		{F246B311-5368-4960-B26E-B441B2F3E19C}.Release|Any CPU.ActiveCfg = Release|Any CPU
		{F246B311-5368-4960-B26E-B441B2F3E19C}.Release|Any CPU.Build.0 = Release|Any CPU
		{5FA8E5B3-B2D9-45EE-AB36-64D16250280C}.Debug|Any CPU.ActiveCfg = Debug|Any CPU
		{5FA8E5B3-B2D9-45EE-AB36-64D16250280C}.Debug|Any CPU.Build.0 = Debug|Any CPU
		{5FA8E5B3-B2D9-45EE-AB36-64D16250280C}.Release|Any CPU.ActiveCfg = Release|Any CPU
		{5FA8E5B3-B2D9-45EE-AB36-64D16250280C}.Release|Any CPU.Build.0 = Release|Any CPU
		{01683DF4-1621-4B67-91E5-68CF4AAD56F3}.Debug|Any CPU.ActiveCfg = Debug|Any CPU
		{01683DF4-1621-4B67-91E5-68CF4AAD56F3}.Debug|Any CPU.Build.0 = Debug|Any CPU
		{01683DF4-1621-4B67-91E5-68CF4AAD56F3}.Release|Any CPU.ActiveCfg = Release|Any CPU
		{01683DF4-1621-4B67-91E5-68CF4AAD56F3}.Release|Any CPU.Build.0 = Release|Any CPU
		{9B57507D-E80E-4F60-9BDF-D67C28410787}.Debug|Any CPU.ActiveCfg = Debug|Any CPU
		{9B57507D-E80E-4F60-9BDF-D67C28410787}.Debug|Any CPU.Build.0 = Debug|Any CPU
		{9B57507D-E80E-4F60-9BDF-D67C28410787}.Release|Any CPU.ActiveCfg = Release|Any CPU
		{9B57507D-E80E-4F60-9BDF-D67C28410787}.Release|Any CPU.Build.0 = Release|Any CPU
		{F07E8B40-48CF-4461-8CDB-989F30607D91}.Debug|Any CPU.ActiveCfg = Debug|Any CPU
		{F07E8B40-48CF-4461-8CDB-989F30607D91}.Debug|Any CPU.Build.0 = Debug|Any CPU
		{F07E8B40-48CF-4461-8CDB-989F30607D91}.Release|Any CPU.ActiveCfg = Release|Any CPU
		{F07E8B40-48CF-4461-8CDB-989F30607D91}.Release|Any CPU.Build.0 = Release|Any CPU
		{C8B27215-4464-41CE-9DFA-FCBD1765BA9E}.Debug|Any CPU.ActiveCfg = Debug|Any CPU
		{C8B27215-4464-41CE-9DFA-FCBD1765BA9E}.Debug|Any CPU.Build.0 = Debug|Any CPU
		{C8B27215-4464-41CE-9DFA-FCBD1765BA9E}.Release|Any CPU.ActiveCfg = Release|Any CPU
		{C8B27215-4464-41CE-9DFA-FCBD1765BA9E}.Release|Any CPU.Build.0 = Release|Any CPU
		{0A1605C4-598A-4BBE-81A8-AE6EE0D81364}.Debug|Any CPU.ActiveCfg = Debug|Any CPU
		{0A1605C4-598A-4BBE-81A8-AE6EE0D81364}.Debug|Any CPU.Build.0 = Debug|Any CPU
		{0A1605C4-598A-4BBE-81A8-AE6EE0D81364}.Release|Any CPU.ActiveCfg = Release|Any CPU
		{0A1605C4-598A-4BBE-81A8-AE6EE0D81364}.Release|Any CPU.Build.0 = Release|Any CPU
		{839AFC5C-3695-48FB-98AD-01F17538D5CA}.Debug|Any CPU.ActiveCfg = Debug|Any CPU
		{839AFC5C-3695-48FB-98AD-01F17538D5CA}.Debug|Any CPU.Build.0 = Debug|Any CPU
		{839AFC5C-3695-48FB-98AD-01F17538D5CA}.Release|Any CPU.ActiveCfg = Release|Any CPU
		{839AFC5C-3695-48FB-98AD-01F17538D5CA}.Release|Any CPU.Build.0 = Release|Any CPU
		{04B347DA-479C-4E8D-8928-75E8743C2218}.Debug|Any CPU.ActiveCfg = Debug|Any CPU
		{04B347DA-479C-4E8D-8928-75E8743C2218}.Debug|Any CPU.Build.0 = Debug|Any CPU
		{04B347DA-479C-4E8D-8928-75E8743C2218}.Release|Any CPU.ActiveCfg = Release|Any CPU
		{04B347DA-479C-4E8D-8928-75E8743C2218}.Release|Any CPU.Build.0 = Release|Any CPU
		{6CCAA51E-A619-4BAC-B637-7B9E5099D3E7}.Debug|Any CPU.ActiveCfg = Debug|Any CPU
		{6CCAA51E-A619-4BAC-B637-7B9E5099D3E7}.Debug|Any CPU.Build.0 = Debug|Any CPU
		{6CCAA51E-A619-4BAC-B637-7B9E5099D3E7}.Release|Any CPU.ActiveCfg = Release|Any CPU
		{6CCAA51E-A619-4BAC-B637-7B9E5099D3E7}.Release|Any CPU.Build.0 = Release|Any CPU
		{DEAB2712-8F87-4967-BC0C-D6B60684C549}.Debug|Any CPU.ActiveCfg = Debug|Any CPU
		{DEAB2712-8F87-4967-BC0C-D6B60684C549}.Debug|Any CPU.Build.0 = Debug|Any CPU
		{DEAB2712-8F87-4967-BC0C-D6B60684C549}.Release|Any CPU.ActiveCfg = Release|Any CPU
		{DEAB2712-8F87-4967-BC0C-D6B60684C549}.Release|Any CPU.Build.0 = Release|Any CPU
		{A809CC03-18AE-4FDA-8054-CC23CA45C623}.Debug|Any CPU.ActiveCfg = Debug|Any CPU
		{A809CC03-18AE-4FDA-8054-CC23CA45C623}.Debug|Any CPU.Build.0 = Debug|Any CPU
		{A809CC03-18AE-4FDA-8054-CC23CA45C623}.Release|Any CPU.ActiveCfg = Release|Any CPU
		{A809CC03-18AE-4FDA-8054-CC23CA45C623}.Release|Any CPU.Build.0 = Release|Any CPU
		{B4F0FBEB-54F1-46BF-AE6C-3514137D1CC3}.Debug|Any CPU.ActiveCfg = Debug|Any CPU
		{B4F0FBEB-54F1-46BF-AE6C-3514137D1CC3}.Debug|Any CPU.Build.0 = Debug|Any CPU
		{B4F0FBEB-54F1-46BF-AE6C-3514137D1CC3}.Release|Any CPU.ActiveCfg = Release|Any CPU
		{B4F0FBEB-54F1-46BF-AE6C-3514137D1CC3}.Release|Any CPU.Build.0 = Release|Any CPU
		{D5128A13-ECC8-4D71-86E4-39A15BE07019}.Debug|Any CPU.ActiveCfg = Debug|Any CPU
		{D5128A13-ECC8-4D71-86E4-39A15BE07019}.Debug|Any CPU.Build.0 = Debug|Any CPU
		{D5128A13-ECC8-4D71-86E4-39A15BE07019}.Release|Any CPU.ActiveCfg = Release|Any CPU
		{D5128A13-ECC8-4D71-86E4-39A15BE07019}.Release|Any CPU.Build.0 = Release|Any CPU
		{C231A22F-B71A-443C-A27A-738723B4D7EA}.Debug|Any CPU.ActiveCfg = Debug|Any CPU
		{C231A22F-B71A-443C-A27A-738723B4D7EA}.Debug|Any CPU.Build.0 = Debug|Any CPU
		{C231A22F-B71A-443C-A27A-738723B4D7EA}.Release|Any CPU.ActiveCfg = Release|Any CPU
		{C231A22F-B71A-443C-A27A-738723B4D7EA}.Release|Any CPU.Build.0 = Release|Any CPU
		{EB5B4729-1AFC-4D99-B0EB-6C51F24B48F6}.Debug|Any CPU.ActiveCfg = Debug|Any CPU
		{EB5B4729-1AFC-4D99-B0EB-6C51F24B48F6}.Debug|Any CPU.Build.0 = Debug|Any CPU
		{EB5B4729-1AFC-4D99-B0EB-6C51F24B48F6}.Release|Any CPU.ActiveCfg = Release|Any CPU
		{EB5B4729-1AFC-4D99-B0EB-6C51F24B48F6}.Release|Any CPU.Build.0 = Release|Any CPU
		{C7A4E242-5D94-445E-A9DD-37C12CB4FB13}.Debug|Any CPU.ActiveCfg = Debug|Any CPU
		{C7A4E242-5D94-445E-A9DD-37C12CB4FB13}.Debug|Any CPU.Build.0 = Debug|Any CPU
		{C7A4E242-5D94-445E-A9DD-37C12CB4FB13}.Release|Any CPU.ActiveCfg = Release|Any CPU
		{C7A4E242-5D94-445E-A9DD-37C12CB4FB13}.Release|Any CPU.Build.0 = Release|Any CPU
		{5928C459-5D14-4C9C-8A44-1C16B93B6975}.Debug|Any CPU.ActiveCfg = Debug|Any CPU
		{5928C459-5D14-4C9C-8A44-1C16B93B6975}.Debug|Any CPU.Build.0 = Debug|Any CPU
		{5928C459-5D14-4C9C-8A44-1C16B93B6975}.Release|Any CPU.ActiveCfg = Release|Any CPU
		{5928C459-5D14-4C9C-8A44-1C16B93B6975}.Release|Any CPU.Build.0 = Release|Any CPU
		{08636A89-577B-4F1C-AEE9-3F9963D7686D}.Debug|Any CPU.ActiveCfg = Debug|Any CPU
		{08636A89-577B-4F1C-AEE9-3F9963D7686D}.Debug|Any CPU.Build.0 = Debug|Any CPU
		{08636A89-577B-4F1C-AEE9-3F9963D7686D}.Release|Any CPU.ActiveCfg = Release|Any CPU
		{08636A89-577B-4F1C-AEE9-3F9963D7686D}.Release|Any CPU.Build.0 = Release|Any CPU
		{25238D45-6CA1-42BB-A1AA-8A1A7C4088FD}.Debug|Any CPU.ActiveCfg = Debug|Any CPU
		{25238D45-6CA1-42BB-A1AA-8A1A7C4088FD}.Debug|Any CPU.Build.0 = Debug|Any CPU
		{25238D45-6CA1-42BB-A1AA-8A1A7C4088FD}.Release|Any CPU.ActiveCfg = Release|Any CPU
		{25238D45-6CA1-42BB-A1AA-8A1A7C4088FD}.Release|Any CPU.Build.0 = Release|Any CPU
		{C6F6A77E-FEE7-4D37-90FE-50DF43D11942}.Debug|Any CPU.ActiveCfg = Debug|Any CPU
		{C6F6A77E-FEE7-4D37-90FE-50DF43D11942}.Debug|Any CPU.Build.0 = Debug|Any CPU
		{C6F6A77E-FEE7-4D37-90FE-50DF43D11942}.Release|Any CPU.ActiveCfg = Release|Any CPU
		{C6F6A77E-FEE7-4D37-90FE-50DF43D11942}.Release|Any CPU.Build.0 = Release|Any CPU
		{429A5A0D-6FB3-4405-A4AD-FE7ADBA4B216}.Debug|Any CPU.ActiveCfg = Debug|Any CPU
		{429A5A0D-6FB3-4405-A4AD-FE7ADBA4B216}.Debug|Any CPU.Build.0 = Debug|Any CPU
		{429A5A0D-6FB3-4405-A4AD-FE7ADBA4B216}.Release|Any CPU.ActiveCfg = Release|Any CPU
		{429A5A0D-6FB3-4405-A4AD-FE7ADBA4B216}.Release|Any CPU.Build.0 = Release|Any CPU
		{94F3CD03-A0D1-4B19-B547-3C4FE45F23B6}.Debug|Any CPU.ActiveCfg = Debug|Any CPU
		{94F3CD03-A0D1-4B19-B547-3C4FE45F23B6}.Debug|Any CPU.Build.0 = Debug|Any CPU
		{94F3CD03-A0D1-4B19-B547-3C4FE45F23B6}.Release|Any CPU.ActiveCfg = Release|Any CPU
		{94F3CD03-A0D1-4B19-B547-3C4FE45F23B6}.Release|Any CPU.Build.0 = Release|Any CPU
		{EB5910F1-1977-42C9-BD56-674D1D29309E}.Debug|Any CPU.ActiveCfg = Debug|Any CPU
		{EB5910F1-1977-42C9-BD56-674D1D29309E}.Debug|Any CPU.Build.0 = Debug|Any CPU
		{EB5910F1-1977-42C9-BD56-674D1D29309E}.Release|Any CPU.ActiveCfg = Release|Any CPU
		{EB5910F1-1977-42C9-BD56-674D1D29309E}.Release|Any CPU.Build.0 = Release|Any CPU
		{EB1D645A-7BE2-42E5-BC93-DFD41E2FEAC7}.Debug|Any CPU.ActiveCfg = Debug|Any CPU
		{EB1D645A-7BE2-42E5-BC93-DFD41E2FEAC7}.Debug|Any CPU.Build.0 = Debug|Any CPU
		{EB1D645A-7BE2-42E5-BC93-DFD41E2FEAC7}.Release|Any CPU.ActiveCfg = Release|Any CPU
		{EB1D645A-7BE2-42E5-BC93-DFD41E2FEAC7}.Release|Any CPU.Build.0 = Release|Any CPU
		{3B02F8D0-2431-44F6-A269-2B1D21923B40}.Debug|Any CPU.ActiveCfg = Debug|Any CPU
		{3B02F8D0-2431-44F6-A269-2B1D21923B40}.Debug|Any CPU.Build.0 = Debug|Any CPU
		{3B02F8D0-2431-44F6-A269-2B1D21923B40}.Release|Any CPU.ActiveCfg = Release|Any CPU
		{3B02F8D0-2431-44F6-A269-2B1D21923B40}.Release|Any CPU.Build.0 = Release|Any CPU
		{9714FE91-26B0-4AE3-81E7-DE59CAF4B7AA}.Debug|Any CPU.ActiveCfg = Debug|Any CPU
		{9714FE91-26B0-4AE3-81E7-DE59CAF4B7AA}.Debug|Any CPU.Build.0 = Debug|Any CPU
		{9714FE91-26B0-4AE3-81E7-DE59CAF4B7AA}.Release|Any CPU.ActiveCfg = Release|Any CPU
		{9714FE91-26B0-4AE3-81E7-DE59CAF4B7AA}.Release|Any CPU.Build.0 = Release|Any CPU
		{0BE47868-9475-4CEB-BFA5-28216E7CCF06}.Debug|Any CPU.ActiveCfg = Debug|Any CPU
		{0BE47868-9475-4CEB-BFA5-28216E7CCF06}.Debug|Any CPU.Build.0 = Debug|Any CPU
		{0BE47868-9475-4CEB-BFA5-28216E7CCF06}.Release|Any CPU.ActiveCfg = Release|Any CPU
		{0BE47868-9475-4CEB-BFA5-28216E7CCF06}.Release|Any CPU.Build.0 = Release|Any CPU
		{258F9F5F-BFF7-469A-AD02-CF5C938C728E}.Debug|Any CPU.ActiveCfg = Debug|Any CPU
		{258F9F5F-BFF7-469A-AD02-CF5C938C728E}.Debug|Any CPU.Build.0 = Debug|Any CPU
		{258F9F5F-BFF7-469A-AD02-CF5C938C728E}.Release|Any CPU.ActiveCfg = Release|Any CPU
		{258F9F5F-BFF7-469A-AD02-CF5C938C728E}.Release|Any CPU.Build.0 = Release|Any CPU
		{1F9E80D8-9E88-487B-840A-9E8DD5072E65}.Debug|Any CPU.ActiveCfg = Debug|Any CPU
		{1F9E80D8-9E88-487B-840A-9E8DD5072E65}.Debug|Any CPU.Build.0 = Debug|Any CPU
		{1F9E80D8-9E88-487B-840A-9E8DD5072E65}.Release|Any CPU.ActiveCfg = Release|Any CPU
		{1F9E80D8-9E88-487B-840A-9E8DD5072E65}.Release|Any CPU.Build.0 = Release|Any CPU
		{04BBDDE9-73E5-4834-8A27-FC44A82FD5F0}.Debug|Any CPU.ActiveCfg = Debug|Any CPU
		{04BBDDE9-73E5-4834-8A27-FC44A82FD5F0}.Debug|Any CPU.Build.0 = Debug|Any CPU
		{04BBDDE9-73E5-4834-8A27-FC44A82FD5F0}.Release|Any CPU.ActiveCfg = Release|Any CPU
		{04BBDDE9-73E5-4834-8A27-FC44A82FD5F0}.Release|Any CPU.Build.0 = Release|Any CPU
		{6A7F188E-FB19-4C1A-BD52-8311A0EA8DFB}.Debug|Any CPU.ActiveCfg = Debug|Any CPU
		{6A7F188E-FB19-4C1A-BD52-8311A0EA8DFB}.Debug|Any CPU.Build.0 = Debug|Any CPU
		{6A7F188E-FB19-4C1A-BD52-8311A0EA8DFB}.Release|Any CPU.ActiveCfg = Release|Any CPU
		{6A7F188E-FB19-4C1A-BD52-8311A0EA8DFB}.Release|Any CPU.Build.0 = Release|Any CPU
		{562D5E36-6206-4A41-AB24-AF4308761860}.Debug|Any CPU.ActiveCfg = Debug|Any CPU
		{562D5E36-6206-4A41-AB24-AF4308761860}.Debug|Any CPU.Build.0 = Debug|Any CPU
		{562D5E36-6206-4A41-AB24-AF4308761860}.Release|Any CPU.ActiveCfg = Release|Any CPU
		{562D5E36-6206-4A41-AB24-AF4308761860}.Release|Any CPU.Build.0 = Release|Any CPU
		{972727EF-070E-4E27-B698-1BBC72EC3DA2}.Debug|Any CPU.ActiveCfg = Debug|Any CPU
		{972727EF-070E-4E27-B698-1BBC72EC3DA2}.Debug|Any CPU.Build.0 = Debug|Any CPU
		{972727EF-070E-4E27-B698-1BBC72EC3DA2}.Release|Any CPU.ActiveCfg = Release|Any CPU
		{972727EF-070E-4E27-B698-1BBC72EC3DA2}.Release|Any CPU.Build.0 = Release|Any CPU
		{BBD3F3C8-10BC-41AC-B841-D606C48A1582}.Debug|Any CPU.ActiveCfg = Debug|Any CPU
		{BBD3F3C8-10BC-41AC-B841-D606C48A1582}.Debug|Any CPU.Build.0 = Debug|Any CPU
		{BBD3F3C8-10BC-41AC-B841-D606C48A1582}.Release|Any CPU.ActiveCfg = Release|Any CPU
		{BBD3F3C8-10BC-41AC-B841-D606C48A1582}.Release|Any CPU.Build.0 = Release|Any CPU
		{F6D62C7A-FFF8-4109-9633-CC6F8B7EC737}.Debug|Any CPU.ActiveCfg = Debug|Any CPU
		{F6D62C7A-FFF8-4109-9633-CC6F8B7EC737}.Debug|Any CPU.Build.0 = Debug|Any CPU
		{F6D62C7A-FFF8-4109-9633-CC6F8B7EC737}.Release|Any CPU.ActiveCfg = Release|Any CPU
		{F6D62C7A-FFF8-4109-9633-CC6F8B7EC737}.Release|Any CPU.Build.0 = Release|Any CPU
		{72D97C53-69AE-4E39-90F6-F3F5D82F608C}.Debug|Any CPU.ActiveCfg = Debug|Any CPU
		{72D97C53-69AE-4E39-90F6-F3F5D82F608C}.Debug|Any CPU.Build.0 = Debug|Any CPU
		{72D97C53-69AE-4E39-90F6-F3F5D82F608C}.Release|Any CPU.ActiveCfg = Release|Any CPU
		{72D97C53-69AE-4E39-90F6-F3F5D82F608C}.Release|Any CPU.Build.0 = Release|Any CPU
		{AB61D58D-94AE-41EE-BD9C-9AD0631CD96A}.Debug|Any CPU.ActiveCfg = Debug|Any CPU
		{AB61D58D-94AE-41EE-BD9C-9AD0631CD96A}.Debug|Any CPU.Build.0 = Debug|Any CPU
		{AB61D58D-94AE-41EE-BD9C-9AD0631CD96A}.Release|Any CPU.ActiveCfg = Release|Any CPU
		{AB61D58D-94AE-41EE-BD9C-9AD0631CD96A}.Release|Any CPU.Build.0 = Release|Any CPU
		{6EBA6722-D1A5-4E3E-B58A-DF2CFA8759BE}.Debug|Any CPU.ActiveCfg = Debug|Any CPU
		{6EBA6722-D1A5-4E3E-B58A-DF2CFA8759BE}.Debug|Any CPU.Build.0 = Debug|Any CPU
		{6EBA6722-D1A5-4E3E-B58A-DF2CFA8759BE}.Release|Any CPU.ActiveCfg = Release|Any CPU
		{6EBA6722-D1A5-4E3E-B58A-DF2CFA8759BE}.Release|Any CPU.Build.0 = Release|Any CPU
		{BBF0AA4F-6E53-47E7-AEB4-DC5DACD2C976}.Debug|Any CPU.ActiveCfg = Debug|Any CPU
		{BBF0AA4F-6E53-47E7-AEB4-DC5DACD2C976}.Debug|Any CPU.Build.0 = Debug|Any CPU
		{BBF0AA4F-6E53-47E7-AEB4-DC5DACD2C976}.Release|Any CPU.ActiveCfg = Release|Any CPU
		{BBF0AA4F-6E53-47E7-AEB4-DC5DACD2C976}.Release|Any CPU.Build.0 = Release|Any CPU
		{05732671-90AD-43A0-9889-5DF0E67175D5}.Debug|Any CPU.ActiveCfg = Debug|Any CPU
		{05732671-90AD-43A0-9889-5DF0E67175D5}.Debug|Any CPU.Build.0 = Debug|Any CPU
		{05732671-90AD-43A0-9889-5DF0E67175D5}.Release|Any CPU.ActiveCfg = Release|Any CPU
		{05732671-90AD-43A0-9889-5DF0E67175D5}.Release|Any CPU.Build.0 = Release|Any CPU
		{8EB24F28-1C22-4992-B2D4-6D2B93EDA624}.Debug|Any CPU.ActiveCfg = Debug|Any CPU
		{8EB24F28-1C22-4992-B2D4-6D2B93EDA624}.Debug|Any CPU.Build.0 = Debug|Any CPU
		{8EB24F28-1C22-4992-B2D4-6D2B93EDA624}.Release|Any CPU.ActiveCfg = Release|Any CPU
		{8EB24F28-1C22-4992-B2D4-6D2B93EDA624}.Release|Any CPU.Build.0 = Release|Any CPU
		{9F19A9FA-E481-4CA2-9653-6A99BB85EDCD}.Debug|Any CPU.ActiveCfg = Debug|Any CPU
		{9F19A9FA-E481-4CA2-9653-6A99BB85EDCD}.Debug|Any CPU.Build.0 = Debug|Any CPU
		{9F19A9FA-E481-4CA2-9653-6A99BB85EDCD}.Release|Any CPU.ActiveCfg = Release|Any CPU
		{9F19A9FA-E481-4CA2-9653-6A99BB85EDCD}.Release|Any CPU.Build.0 = Release|Any CPU
		{DCFA11D3-ACDF-4E17-AC35-8CB3DC33A778}.Debug|Any CPU.ActiveCfg = Debug|Any CPU
		{DCFA11D3-ACDF-4E17-AC35-8CB3DC33A778}.Debug|Any CPU.Build.0 = Debug|Any CPU
		{DCFA11D3-ACDF-4E17-AC35-8CB3DC33A778}.Release|Any CPU.ActiveCfg = Release|Any CPU
		{DCFA11D3-ACDF-4E17-AC35-8CB3DC33A778}.Release|Any CPU.Build.0 = Release|Any CPU
		{8F7D1B31-EAC8-45F5-9805-D18FF5D86518}.Debug|Any CPU.ActiveCfg = Debug|Any CPU
		{8F7D1B31-EAC8-45F5-9805-D18FF5D86518}.Debug|Any CPU.Build.0 = Debug|Any CPU
		{8F7D1B31-EAC8-45F5-9805-D18FF5D86518}.Release|Any CPU.ActiveCfg = Release|Any CPU
		{8F7D1B31-EAC8-45F5-9805-D18FF5D86518}.Release|Any CPU.Build.0 = Release|Any CPU
		{C31AF227-EBDD-4E85-AAA4-0322BECC0232}.Debug|Any CPU.ActiveCfg = Debug|Any CPU
		{C31AF227-EBDD-4E85-AAA4-0322BECC0232}.Debug|Any CPU.Build.0 = Debug|Any CPU
		{C31AF227-EBDD-4E85-AAA4-0322BECC0232}.Release|Any CPU.ActiveCfg = Release|Any CPU
		{C31AF227-EBDD-4E85-AAA4-0322BECC0232}.Release|Any CPU.Build.0 = Release|Any CPU
		{26C8A515-D897-4D9E-9DC4-6B6A15DAD9FF}.Debug|Any CPU.ActiveCfg = Debug|Any CPU
		{26C8A515-D897-4D9E-9DC4-6B6A15DAD9FF}.Debug|Any CPU.Build.0 = Debug|Any CPU
		{26C8A515-D897-4D9E-9DC4-6B6A15DAD9FF}.Release|Any CPU.ActiveCfg = Release|Any CPU
		{26C8A515-D897-4D9E-9DC4-6B6A15DAD9FF}.Release|Any CPU.Build.0 = Release|Any CPU
		{34571AC9-1D92-4988-ABA2-4F9F13F8F940}.Debug|Any CPU.ActiveCfg = Debug|Any CPU
		{34571AC9-1D92-4988-ABA2-4F9F13F8F940}.Debug|Any CPU.Build.0 = Debug|Any CPU
		{34571AC9-1D92-4988-ABA2-4F9F13F8F940}.Release|Any CPU.ActiveCfg = Release|Any CPU
		{34571AC9-1D92-4988-ABA2-4F9F13F8F940}.Release|Any CPU.Build.0 = Release|Any CPU
		{3D9021E1-3594-4471-B214-B123B88B52F6}.Debug|Any CPU.ActiveCfg = Debug|Any CPU
		{3D9021E1-3594-4471-B214-B123B88B52F6}.Debug|Any CPU.Build.0 = Debug|Any CPU
		{3D9021E1-3594-4471-B214-B123B88B52F6}.Release|Any CPU.ActiveCfg = Release|Any CPU
		{3D9021E1-3594-4471-B214-B123B88B52F6}.Release|Any CPU.Build.0 = Release|Any CPU
		{17728ED2-68F6-4320-A3F5-6EF2DF030F2C}.Debug|Any CPU.ActiveCfg = Debug|Any CPU
		{17728ED2-68F6-4320-A3F5-6EF2DF030F2C}.Debug|Any CPU.Build.0 = Debug|Any CPU
		{17728ED2-68F6-4320-A3F5-6EF2DF030F2C}.Release|Any CPU.ActiveCfg = Release|Any CPU
		{17728ED2-68F6-4320-A3F5-6EF2DF030F2C}.Release|Any CPU.Build.0 = Release|Any CPU
		{0B0CA903-587F-44B8-9AD8-517183C40282}.Debug|Any CPU.ActiveCfg = Debug|Any CPU
		{0B0CA903-587F-44B8-9AD8-517183C40282}.Debug|Any CPU.Build.0 = Debug|Any CPU
		{0B0CA903-587F-44B8-9AD8-517183C40282}.Release|Any CPU.ActiveCfg = Release|Any CPU
		{0B0CA903-587F-44B8-9AD8-517183C40282}.Release|Any CPU.Build.0 = Release|Any CPU
		{1FE531D4-00C0-434B-8AED-4C55EE5650D0}.Debug|Any CPU.ActiveCfg = Debug|Any CPU
		{1FE531D4-00C0-434B-8AED-4C55EE5650D0}.Debug|Any CPU.Build.0 = Debug|Any CPU
		{1FE531D4-00C0-434B-8AED-4C55EE5650D0}.Release|Any CPU.ActiveCfg = Release|Any CPU
		{1FE531D4-00C0-434B-8AED-4C55EE5650D0}.Release|Any CPU.Build.0 = Release|Any CPU
		{1F7B51B1-C481-44D6-8183-3224EB01E499}.Debug|Any CPU.ActiveCfg = Debug|Any CPU
		{1F7B51B1-C481-44D6-8183-3224EB01E499}.Debug|Any CPU.Build.0 = Debug|Any CPU
		{1F7B51B1-C481-44D6-8183-3224EB01E499}.Release|Any CPU.ActiveCfg = Release|Any CPU
		{1F7B51B1-C481-44D6-8183-3224EB01E499}.Release|Any CPU.Build.0 = Release|Any CPU
		{DFA37F00-37D1-4BA1-B23F-43887806BE8C}.Debug|Any CPU.ActiveCfg = Debug|Any CPU
		{DFA37F00-37D1-4BA1-B23F-43887806BE8C}.Debug|Any CPU.Build.0 = Debug|Any CPU
		{DFA37F00-37D1-4BA1-B23F-43887806BE8C}.Release|Any CPU.ActiveCfg = Release|Any CPU
		{DFA37F00-37D1-4BA1-B23F-43887806BE8C}.Release|Any CPU.Build.0 = Release|Any CPU
		{8514FAB1-E793-4C99-A2A5-DC4ED6B29169}.Debug|Any CPU.ActiveCfg = Debug|Any CPU
		{8514FAB1-E793-4C99-A2A5-DC4ED6B29169}.Debug|Any CPU.Build.0 = Debug|Any CPU
		{8514FAB1-E793-4C99-A2A5-DC4ED6B29169}.Release|Any CPU.ActiveCfg = Release|Any CPU
		{8514FAB1-E793-4C99-A2A5-DC4ED6B29169}.Release|Any CPU.Build.0 = Release|Any CPU
		{7F88AEA3-0535-4647-A05D-BDEBB049F5F5}.Debug|Any CPU.ActiveCfg = Debug|Any CPU
		{7F88AEA3-0535-4647-A05D-BDEBB049F5F5}.Debug|Any CPU.Build.0 = Debug|Any CPU
		{7F88AEA3-0535-4647-A05D-BDEBB049F5F5}.Release|Any CPU.ActiveCfg = Release|Any CPU
		{7F88AEA3-0535-4647-A05D-BDEBB049F5F5}.Release|Any CPU.Build.0 = Release|Any CPU
		{EFA37202-2DEE-4273-A856-7476BCE057C2}.Debug|Any CPU.ActiveCfg = Debug|Any CPU
		{EFA37202-2DEE-4273-A856-7476BCE057C2}.Debug|Any CPU.Build.0 = Debug|Any CPU
		{EFA37202-2DEE-4273-A856-7476BCE057C2}.Release|Any CPU.ActiveCfg = Release|Any CPU
		{EFA37202-2DEE-4273-A856-7476BCE057C2}.Release|Any CPU.Build.0 = Release|Any CPU
		{7EFCD514-DC7A-44DC-B15D-A67A8D2C146E}.Debug|Any CPU.ActiveCfg = Debug|Any CPU
		{7EFCD514-DC7A-44DC-B15D-A67A8D2C146E}.Debug|Any CPU.Build.0 = Debug|Any CPU
		{7EFCD514-DC7A-44DC-B15D-A67A8D2C146E}.Release|Any CPU.ActiveCfg = Release|Any CPU
		{7EFCD514-DC7A-44DC-B15D-A67A8D2C146E}.Release|Any CPU.Build.0 = Release|Any CPU
		{FA184B39-E077-441C-ACAD-E031FC553333}.Debug|Any CPU.ActiveCfg = Debug|Any CPU
		{FA184B39-E077-441C-ACAD-E031FC553333}.Debug|Any CPU.Build.0 = Debug|Any CPU
		{FA184B39-E077-441C-ACAD-E031FC553333}.Release|Any CPU.ActiveCfg = Release|Any CPU
		{FA184B39-E077-441C-ACAD-E031FC553333}.Release|Any CPU.Build.0 = Release|Any CPU
		{AAD781B8-79EB-4110-A1CE-E5F9C35D73D4}.Debug|Any CPU.ActiveCfg = Debug|Any CPU
		{AAD781B8-79EB-4110-A1CE-E5F9C35D73D4}.Debug|Any CPU.Build.0 = Debug|Any CPU
		{AAD781B8-79EB-4110-A1CE-E5F9C35D73D4}.Release|Any CPU.ActiveCfg = Release|Any CPU
		{AAD781B8-79EB-4110-A1CE-E5F9C35D73D4}.Release|Any CPU.Build.0 = Release|Any CPU
		{8756A4EC-A32C-4A19-9C59-236E112F58C3}.Debug|Any CPU.ActiveCfg = Debug|Any CPU
		{8756A4EC-A32C-4A19-9C59-236E112F58C3}.Debug|Any CPU.Build.0 = Debug|Any CPU
		{8756A4EC-A32C-4A19-9C59-236E112F58C3}.Release|Any CPU.ActiveCfg = Release|Any CPU
		{8756A4EC-A32C-4A19-9C59-236E112F58C3}.Release|Any CPU.Build.0 = Release|Any CPU
		{5F23792F-0081-4A3D-AFEC-44DBA163CCE9}.Debug|Any CPU.ActiveCfg = Debug|Any CPU
		{5F23792F-0081-4A3D-AFEC-44DBA163CCE9}.Debug|Any CPU.Build.0 = Debug|Any CPU
		{5F23792F-0081-4A3D-AFEC-44DBA163CCE9}.Release|Any CPU.ActiveCfg = Release|Any CPU
		{5F23792F-0081-4A3D-AFEC-44DBA163CCE9}.Release|Any CPU.Build.0 = Release|Any CPU
		{DF2F3283-D7F8-43E6-9FD9-270AF9D57199}.Debug|Any CPU.ActiveCfg = Debug|Any CPU
		{DF2F3283-D7F8-43E6-9FD9-270AF9D57199}.Debug|Any CPU.Build.0 = Debug|Any CPU
		{DF2F3283-D7F8-43E6-9FD9-270AF9D57199}.Release|Any CPU.ActiveCfg = Release|Any CPU
		{DF2F3283-D7F8-43E6-9FD9-270AF9D57199}.Release|Any CPU.Build.0 = Release|Any CPU
		{0B17D0BE-FA1F-4765-98B1-6994951777D2}.Debug|Any CPU.ActiveCfg = Debug|Any CPU
		{0B17D0BE-FA1F-4765-98B1-6994951777D2}.Debug|Any CPU.Build.0 = Debug|Any CPU
		{0B17D0BE-FA1F-4765-98B1-6994951777D2}.Release|Any CPU.ActiveCfg = Release|Any CPU
		{0B17D0BE-FA1F-4765-98B1-6994951777D2}.Release|Any CPU.Build.0 = Release|Any CPU
		{876C18A9-C411-42B2-8F7A-EC3E6EF1D8CF}.Debug|Any CPU.ActiveCfg = Debug|Any CPU
		{876C18A9-C411-42B2-8F7A-EC3E6EF1D8CF}.Debug|Any CPU.Build.0 = Debug|Any CPU
		{876C18A9-C411-42B2-8F7A-EC3E6EF1D8CF}.Release|Any CPU.ActiveCfg = Release|Any CPU
		{876C18A9-C411-42B2-8F7A-EC3E6EF1D8CF}.Release|Any CPU.Build.0 = Release|Any CPU
		{9E1B41F1-F0FE-42B7-8042-ECAB31D8C55B}.Debug|Any CPU.ActiveCfg = Debug|Any CPU
		{9E1B41F1-F0FE-42B7-8042-ECAB31D8C55B}.Debug|Any CPU.Build.0 = Debug|Any CPU
		{9E1B41F1-F0FE-42B7-8042-ECAB31D8C55B}.Release|Any CPU.ActiveCfg = Release|Any CPU
		{9E1B41F1-F0FE-42B7-8042-ECAB31D8C55B}.Release|Any CPU.Build.0 = Release|Any CPU
		{83B4063D-608E-4247-8750-6C15BF814C71}.Debug|Any CPU.ActiveCfg = Debug|Any CPU
		{83B4063D-608E-4247-8750-6C15BF814C71}.Debug|Any CPU.Build.0 = Debug|Any CPU
		{83B4063D-608E-4247-8750-6C15BF814C71}.Release|Any CPU.ActiveCfg = Release|Any CPU
		{83B4063D-608E-4247-8750-6C15BF814C71}.Release|Any CPU.Build.0 = Release|Any CPU
		{C152882C-6EBD-404A-BCC5-8F6980BA1D6A}.Debug|Any CPU.ActiveCfg = Debug|Any CPU
		{C152882C-6EBD-404A-BCC5-8F6980BA1D6A}.Debug|Any CPU.Build.0 = Debug|Any CPU
		{C152882C-6EBD-404A-BCC5-8F6980BA1D6A}.Release|Any CPU.ActiveCfg = Release|Any CPU
		{C152882C-6EBD-404A-BCC5-8F6980BA1D6A}.Release|Any CPU.Build.0 = Release|Any CPU
		{A52992DB-3B25-4FEF-B2FD-685AE759E4B8}.Debug|Any CPU.ActiveCfg = Debug|Any CPU
		{A52992DB-3B25-4FEF-B2FD-685AE759E4B8}.Debug|Any CPU.Build.0 = Debug|Any CPU
		{A52992DB-3B25-4FEF-B2FD-685AE759E4B8}.Release|Any CPU.ActiveCfg = Release|Any CPU
		{A52992DB-3B25-4FEF-B2FD-685AE759E4B8}.Release|Any CPU.Build.0 = Release|Any CPU
		{51E5DF37-100C-4680-8B12-8B0FF893A791}.Debug|Any CPU.ActiveCfg = Debug|Any CPU
		{51E5DF37-100C-4680-8B12-8B0FF893A791}.Debug|Any CPU.Build.0 = Debug|Any CPU
		{51E5DF37-100C-4680-8B12-8B0FF893A791}.Release|Any CPU.ActiveCfg = Release|Any CPU
		{51E5DF37-100C-4680-8B12-8B0FF893A791}.Release|Any CPU.Build.0 = Release|Any CPU
		{6B904F5F-A27D-4FF4-95CB-26B4FD340601}.Debug|Any CPU.ActiveCfg = Debug|Any CPU
		{6B904F5F-A27D-4FF4-95CB-26B4FD340601}.Debug|Any CPU.Build.0 = Debug|Any CPU
		{6B904F5F-A27D-4FF4-95CB-26B4FD340601}.Release|Any CPU.ActiveCfg = Release|Any CPU
		{6B904F5F-A27D-4FF4-95CB-26B4FD340601}.Release|Any CPU.Build.0 = Release|Any CPU
		{310DBDD7-BD0B-4423-92CB-94C8E6E152BE}.Debug|Any CPU.ActiveCfg = Debug|Any CPU
		{310DBDD7-BD0B-4423-92CB-94C8E6E152BE}.Debug|Any CPU.Build.0 = Debug|Any CPU
		{310DBDD7-BD0B-4423-92CB-94C8E6E152BE}.Release|Any CPU.ActiveCfg = Release|Any CPU
		{310DBDD7-BD0B-4423-92CB-94C8E6E152BE}.Release|Any CPU.Build.0 = Release|Any CPU
		{5DC866F9-1695-4268-BA1D-3E8A0BBD6F3D}.Debug|Any CPU.ActiveCfg = Debug|Any CPU
		{5DC866F9-1695-4268-BA1D-3E8A0BBD6F3D}.Debug|Any CPU.Build.0 = Debug|Any CPU
		{5DC866F9-1695-4268-BA1D-3E8A0BBD6F3D}.Release|Any CPU.ActiveCfg = Release|Any CPU
		{5DC866F9-1695-4268-BA1D-3E8A0BBD6F3D}.Release|Any CPU.Build.0 = Release|Any CPU
		{BA00A174-E0A8-4AC8-80AE-7A9FF254B71A}.Debug|Any CPU.ActiveCfg = Debug|Any CPU
		{BA00A174-E0A8-4AC8-80AE-7A9FF254B71A}.Debug|Any CPU.Build.0 = Debug|Any CPU
		{BA00A174-E0A8-4AC8-80AE-7A9FF254B71A}.Release|Any CPU.ActiveCfg = Release|Any CPU
		{BA00A174-E0A8-4AC8-80AE-7A9FF254B71A}.Release|Any CPU.Build.0 = Release|Any CPU
		{D4405821-7ED2-4731-8648-8FA0523CEAAA}.Debug|Any CPU.ActiveCfg = Debug|Any CPU
		{D4405821-7ED2-4731-8648-8FA0523CEAAA}.Debug|Any CPU.Build.0 = Debug|Any CPU
		{D4405821-7ED2-4731-8648-8FA0523CEAAA}.Release|Any CPU.ActiveCfg = Release|Any CPU
		{D4405821-7ED2-4731-8648-8FA0523CEAAA}.Release|Any CPU.Build.0 = Release|Any CPU
		{FBAAF299-6035-4FA8-98A0-2985302E5739}.Debug|Any CPU.ActiveCfg = Debug|Any CPU
		{FBAAF299-6035-4FA8-98A0-2985302E5739}.Debug|Any CPU.Build.0 = Debug|Any CPU
		{FBAAF299-6035-4FA8-98A0-2985302E5739}.Release|Any CPU.ActiveCfg = Release|Any CPU
		{FBAAF299-6035-4FA8-98A0-2985302E5739}.Release|Any CPU.Build.0 = Release|Any CPU
		{C767611C-CFD9-46C3-AA1A-F426B0E34487}.Debug|Any CPU.ActiveCfg = Debug|Any CPU
		{C767611C-CFD9-46C3-AA1A-F426B0E34487}.Debug|Any CPU.Build.0 = Debug|Any CPU
		{C767611C-CFD9-46C3-AA1A-F426B0E34487}.Release|Any CPU.ActiveCfg = Release|Any CPU
		{C767611C-CFD9-46C3-AA1A-F426B0E34487}.Release|Any CPU.Build.0 = Release|Any CPU
		{009DB222-BF6A-40BD-9562-DFFED8D72666}.Debug|Any CPU.ActiveCfg = Debug|Any CPU
		{009DB222-BF6A-40BD-9562-DFFED8D72666}.Debug|Any CPU.Build.0 = Debug|Any CPU
		{009DB222-BF6A-40BD-9562-DFFED8D72666}.Release|Any CPU.ActiveCfg = Release|Any CPU
		{009DB222-BF6A-40BD-9562-DFFED8D72666}.Release|Any CPU.Build.0 = Release|Any CPU
		{1D9E26BE-27E2-428B-B4B8-4AE784CEE123}.Debug|Any CPU.ActiveCfg = Debug|Any CPU
		{1D9E26BE-27E2-428B-B4B8-4AE784CEE123}.Debug|Any CPU.Build.0 = Debug|Any CPU
		{1D9E26BE-27E2-428B-B4B8-4AE784CEE123}.Release|Any CPU.ActiveCfg = Release|Any CPU
		{1D9E26BE-27E2-428B-B4B8-4AE784CEE123}.Release|Any CPU.Build.0 = Release|Any CPU
		{7DB13709-6C6D-4A35-B4F4-58246A77E589}.Debug|Any CPU.ActiveCfg = Debug|Any CPU
		{7DB13709-6C6D-4A35-B4F4-58246A77E589}.Debug|Any CPU.Build.0 = Debug|Any CPU
		{7DB13709-6C6D-4A35-B4F4-58246A77E589}.Release|Any CPU.ActiveCfg = Release|Any CPU
		{7DB13709-6C6D-4A35-B4F4-58246A77E589}.Release|Any CPU.Build.0 = Release|Any CPU
		{8656766B-E376-4645-A7B6-03130A4A2CA2}.Debug|Any CPU.ActiveCfg = Debug|Any CPU
		{8656766B-E376-4645-A7B6-03130A4A2CA2}.Debug|Any CPU.Build.0 = Debug|Any CPU
		{8656766B-E376-4645-A7B6-03130A4A2CA2}.Release|Any CPU.ActiveCfg = Release|Any CPU
		{8656766B-E376-4645-A7B6-03130A4A2CA2}.Release|Any CPU.Build.0 = Release|Any CPU
		{5BDE1C4A-CB03-43E4-BD3E-611A146A01DF}.Debug|Any CPU.ActiveCfg = Debug|Any CPU
		{5BDE1C4A-CB03-43E4-BD3E-611A146A01DF}.Debug|Any CPU.Build.0 = Debug|Any CPU
		{5BDE1C4A-CB03-43E4-BD3E-611A146A01DF}.Release|Any CPU.ActiveCfg = Release|Any CPU
		{5BDE1C4A-CB03-43E4-BD3E-611A146A01DF}.Release|Any CPU.Build.0 = Release|Any CPU
		{7100DB61-4B3A-46C7-A41E-5AC538A888CB}.Debug|Any CPU.ActiveCfg = Debug|Any CPU
		{7100DB61-4B3A-46C7-A41E-5AC538A888CB}.Debug|Any CPU.Build.0 = Debug|Any CPU
		{7100DB61-4B3A-46C7-A41E-5AC538A888CB}.Release|Any CPU.ActiveCfg = Release|Any CPU
		{7100DB61-4B3A-46C7-A41E-5AC538A888CB}.Release|Any CPU.Build.0 = Release|Any CPU
		{E6CB53FD-3E96-45D2-99B2-4514D9196A89}.Debug|Any CPU.ActiveCfg = Debug|Any CPU
		{E6CB53FD-3E96-45D2-99B2-4514D9196A89}.Debug|Any CPU.Build.0 = Debug|Any CPU
		{E6CB53FD-3E96-45D2-99B2-4514D9196A89}.Release|Any CPU.ActiveCfg = Release|Any CPU
		{E6CB53FD-3E96-45D2-99B2-4514D9196A89}.Release|Any CPU.Build.0 = Release|Any CPU
		{F0AF84E2-C064-4C02-9B8E-4391411709F7}.Debug|Any CPU.ActiveCfg = Debug|Any CPU
		{F0AF84E2-C064-4C02-9B8E-4391411709F7}.Debug|Any CPU.Build.0 = Debug|Any CPU
		{F0AF84E2-C064-4C02-9B8E-4391411709F7}.Release|Any CPU.ActiveCfg = Release|Any CPU
		{F0AF84E2-C064-4C02-9B8E-4391411709F7}.Release|Any CPU.Build.0 = Release|Any CPU
		{6B901945-C3AF-4851-A740-7B2E40D1B0DB}.Debug|Any CPU.ActiveCfg = Debug|Any CPU
		{6B901945-C3AF-4851-A740-7B2E40D1B0DB}.Debug|Any CPU.Build.0 = Debug|Any CPU
		{6B901945-C3AF-4851-A740-7B2E40D1B0DB}.Release|Any CPU.ActiveCfg = Release|Any CPU
		{6B901945-C3AF-4851-A740-7B2E40D1B0DB}.Release|Any CPU.Build.0 = Release|Any CPU
		{4BD2E004-AEFD-45CE-B68D-A864894E176C}.Debug|Any CPU.ActiveCfg = Debug|Any CPU
		{4BD2E004-AEFD-45CE-B68D-A864894E176C}.Debug|Any CPU.Build.0 = Debug|Any CPU
		{4BD2E004-AEFD-45CE-B68D-A864894E176C}.Release|Any CPU.ActiveCfg = Release|Any CPU
		{4BD2E004-AEFD-45CE-B68D-A864894E176C}.Release|Any CPU.Build.0 = Release|Any CPU
		{0D4EE2E5-68CC-4030-94C9-E3F8E48A32BD}.Debug|Any CPU.ActiveCfg = Debug|Any CPU
		{0D4EE2E5-68CC-4030-94C9-E3F8E48A32BD}.Debug|Any CPU.Build.0 = Debug|Any CPU
		{0D4EE2E5-68CC-4030-94C9-E3F8E48A32BD}.Release|Any CPU.ActiveCfg = Release|Any CPU
		{0D4EE2E5-68CC-4030-94C9-E3F8E48A32BD}.Release|Any CPU.Build.0 = Release|Any CPU
		{27EEE017-FB80-4070-85AB-470267CEF157}.Debug|Any CPU.ActiveCfg = Debug|Any CPU
		{27EEE017-FB80-4070-85AB-470267CEF157}.Debug|Any CPU.Build.0 = Debug|Any CPU
		{27EEE017-FB80-4070-85AB-470267CEF157}.Release|Any CPU.ActiveCfg = Release|Any CPU
		{27EEE017-FB80-4070-85AB-470267CEF157}.Release|Any CPU.Build.0 = Release|Any CPU
		{63C242F7-452A-4921-A544-4B5B0E7206E5}.Debug|Any CPU.ActiveCfg = Debug|Any CPU
		{63C242F7-452A-4921-A544-4B5B0E7206E5}.Debug|Any CPU.Build.0 = Debug|Any CPU
		{63C242F7-452A-4921-A544-4B5B0E7206E5}.Release|Any CPU.ActiveCfg = Release|Any CPU
		{63C242F7-452A-4921-A544-4B5B0E7206E5}.Release|Any CPU.Build.0 = Release|Any CPU
		{A4AF7A40-54EA-46F0-B18D-BE5ED7853304}.Debug|Any CPU.ActiveCfg = Debug|Any CPU
		{A4AF7A40-54EA-46F0-B18D-BE5ED7853304}.Debug|Any CPU.Build.0 = Debug|Any CPU
		{A4AF7A40-54EA-46F0-B18D-BE5ED7853304}.Release|Any CPU.ActiveCfg = Release|Any CPU
		{A4AF7A40-54EA-46F0-B18D-BE5ED7853304}.Release|Any CPU.Build.0 = Release|Any CPU
		{1BEDA5B1-73A3-4642-9DDB-4755D1D5A5E9}.Debug|Any CPU.ActiveCfg = Debug|Any CPU
		{1BEDA5B1-73A3-4642-9DDB-4755D1D5A5E9}.Debug|Any CPU.Build.0 = Debug|Any CPU
		{1BEDA5B1-73A3-4642-9DDB-4755D1D5A5E9}.Release|Any CPU.ActiveCfg = Release|Any CPU
		{1BEDA5B1-73A3-4642-9DDB-4755D1D5A5E9}.Release|Any CPU.Build.0 = Release|Any CPU
		{357F3258-D036-4519-8150-DD1FD6FEBCC3}.Debug|Any CPU.ActiveCfg = Debug|Any CPU
		{357F3258-D036-4519-8150-DD1FD6FEBCC3}.Debug|Any CPU.Build.0 = Debug|Any CPU
		{357F3258-D036-4519-8150-DD1FD6FEBCC3}.Release|Any CPU.ActiveCfg = Release|Any CPU
		{357F3258-D036-4519-8150-DD1FD6FEBCC3}.Release|Any CPU.Build.0 = Release|Any CPU
		{091CC208-DD99-4840-BAA2-69B75F70F81B}.Debug|Any CPU.ActiveCfg = Debug|Any CPU
		{091CC208-DD99-4840-BAA2-69B75F70F81B}.Debug|Any CPU.Build.0 = Debug|Any CPU
		{091CC208-DD99-4840-BAA2-69B75F70F81B}.Release|Any CPU.ActiveCfg = Release|Any CPU
		{091CC208-DD99-4840-BAA2-69B75F70F81B}.Release|Any CPU.Build.0 = Release|Any CPU
		{E8145970-1AAC-4CBF-AF4C-9C84D3D6407C}.Debug|Any CPU.ActiveCfg = Debug|Any CPU
		{E8145970-1AAC-4CBF-AF4C-9C84D3D6407C}.Debug|Any CPU.Build.0 = Debug|Any CPU
		{E8145970-1AAC-4CBF-AF4C-9C84D3D6407C}.Release|Any CPU.ActiveCfg = Release|Any CPU
		{E8145970-1AAC-4CBF-AF4C-9C84D3D6407C}.Release|Any CPU.Build.0 = Release|Any CPU
		{1196F4FA-76F9-4077-856B-A7FEEACC8C70}.Debug|Any CPU.ActiveCfg = Debug|Any CPU
		{1196F4FA-76F9-4077-856B-A7FEEACC8C70}.Debug|Any CPU.Build.0 = Debug|Any CPU
		{1196F4FA-76F9-4077-856B-A7FEEACC8C70}.Release|Any CPU.ActiveCfg = Release|Any CPU
		{1196F4FA-76F9-4077-856B-A7FEEACC8C70}.Release|Any CPU.Build.0 = Release|Any CPU
		{1E34A888-E739-4DCB-AB4D-1C11F0B6A0DA}.Debug|Any CPU.ActiveCfg = Debug|Any CPU
		{1E34A888-E739-4DCB-AB4D-1C11F0B6A0DA}.Debug|Any CPU.Build.0 = Debug|Any CPU
		{1E34A888-E739-4DCB-AB4D-1C11F0B6A0DA}.Release|Any CPU.ActiveCfg = Release|Any CPU
		{1E34A888-E739-4DCB-AB4D-1C11F0B6A0DA}.Release|Any CPU.Build.0 = Release|Any CPU
		{70EC8221-3456-4A9D-8E95-17BA4A38D56D}.Debug|Any CPU.ActiveCfg = Debug|Any CPU
		{70EC8221-3456-4A9D-8E95-17BA4A38D56D}.Debug|Any CPU.Build.0 = Debug|Any CPU
		{70EC8221-3456-4A9D-8E95-17BA4A38D56D}.Release|Any CPU.ActiveCfg = Release|Any CPU
		{70EC8221-3456-4A9D-8E95-17BA4A38D56D}.Release|Any CPU.Build.0 = Release|Any CPU
		{EFAA3160-A252-4517-AB66-E82E52CFECC4}.Debug|Any CPU.ActiveCfg = Debug|Any CPU
		{EFAA3160-A252-4517-AB66-E82E52CFECC4}.Debug|Any CPU.Build.0 = Debug|Any CPU
		{EFAA3160-A252-4517-AB66-E82E52CFECC4}.Release|Any CPU.ActiveCfg = Release|Any CPU
		{EFAA3160-A252-4517-AB66-E82E52CFECC4}.Release|Any CPU.Build.0 = Release|Any CPU
		{0999545C-D612-491A-AC95-DB39E969CE78}.Debug|Any CPU.ActiveCfg = Debug|Any CPU
		{0999545C-D612-491A-AC95-DB39E969CE78}.Debug|Any CPU.Build.0 = Debug|Any CPU
		{0999545C-D612-491A-AC95-DB39E969CE78}.Release|Any CPU.ActiveCfg = Release|Any CPU
		{0999545C-D612-491A-AC95-DB39E969CE78}.Release|Any CPU.Build.0 = Release|Any CPU
		{670FE6F7-6E04-4666-924E-C9BE6B5C15BE}.Debug|Any CPU.ActiveCfg = Debug|Any CPU
		{670FE6F7-6E04-4666-924E-C9BE6B5C15BE}.Debug|Any CPU.Build.0 = Debug|Any CPU
		{670FE6F7-6E04-4666-924E-C9BE6B5C15BE}.Release|Any CPU.ActiveCfg = Release|Any CPU
		{670FE6F7-6E04-4666-924E-C9BE6B5C15BE}.Release|Any CPU.Build.0 = Release|Any CPU
		{B04A08E3-D944-4EE5-ABD7-AEC74405FEAC}.Debug|Any CPU.ActiveCfg = Debug|Any CPU
		{B04A08E3-D944-4EE5-ABD7-AEC74405FEAC}.Debug|Any CPU.Build.0 = Debug|Any CPU
		{B04A08E3-D944-4EE5-ABD7-AEC74405FEAC}.Release|Any CPU.ActiveCfg = Release|Any CPU
		{B04A08E3-D944-4EE5-ABD7-AEC74405FEAC}.Release|Any CPU.Build.0 = Release|Any CPU
		{1B87305F-35AC-48CD-8524-994E4C27F39D}.Debug|Any CPU.ActiveCfg = Debug|Any CPU
		{1B87305F-35AC-48CD-8524-994E4C27F39D}.Debug|Any CPU.Build.0 = Debug|Any CPU
		{1B87305F-35AC-48CD-8524-994E4C27F39D}.Release|Any CPU.ActiveCfg = Release|Any CPU
		{1B87305F-35AC-48CD-8524-994E4C27F39D}.Release|Any CPU.Build.0 = Release|Any CPU
		{1681DF54-BD8A-4608-B1FF-ACA6A2CE9B64}.Debug|Any CPU.ActiveCfg = Debug|Any CPU
		{1681DF54-BD8A-4608-B1FF-ACA6A2CE9B64}.Debug|Any CPU.Build.0 = Debug|Any CPU
		{1681DF54-BD8A-4608-B1FF-ACA6A2CE9B64}.Release|Any CPU.ActiveCfg = Release|Any CPU
		{1681DF54-BD8A-4608-B1FF-ACA6A2CE9B64}.Release|Any CPU.Build.0 = Release|Any CPU
		{F4302049-1E94-4773-9E30-AD6D86ECEDD7}.Debug|Any CPU.ActiveCfg = Debug|Any CPU
		{F4302049-1E94-4773-9E30-AD6D86ECEDD7}.Debug|Any CPU.Build.0 = Debug|Any CPU
		{F4302049-1E94-4773-9E30-AD6D86ECEDD7}.Release|Any CPU.ActiveCfg = Release|Any CPU
		{F4302049-1E94-4773-9E30-AD6D86ECEDD7}.Release|Any CPU.Build.0 = Release|Any CPU
		{082FD557-6324-476F-826C-F3C82EFC0532}.Debug|Any CPU.ActiveCfg = Debug|Any CPU
		{082FD557-6324-476F-826C-F3C82EFC0532}.Debug|Any CPU.Build.0 = Debug|Any CPU
		{082FD557-6324-476F-826C-F3C82EFC0532}.Release|Any CPU.ActiveCfg = Release|Any CPU
		{082FD557-6324-476F-826C-F3C82EFC0532}.Release|Any CPU.Build.0 = Release|Any CPU
		{191C212C-0C54-4CFF-9D5B-7289FF98009A}.Debug|Any CPU.ActiveCfg = Debug|Any CPU
		{191C212C-0C54-4CFF-9D5B-7289FF98009A}.Debug|Any CPU.Build.0 = Debug|Any CPU
		{191C212C-0C54-4CFF-9D5B-7289FF98009A}.Release|Any CPU.ActiveCfg = Release|Any CPU
		{191C212C-0C54-4CFF-9D5B-7289FF98009A}.Release|Any CPU.Build.0 = Release|Any CPU
		{3E3AB1EC-4520-4F64-8106-2DAE63638C38}.Debug|Any CPU.ActiveCfg = Debug|Any CPU
		{3E3AB1EC-4520-4F64-8106-2DAE63638C38}.Debug|Any CPU.Build.0 = Debug|Any CPU
		{3E3AB1EC-4520-4F64-8106-2DAE63638C38}.Release|Any CPU.ActiveCfg = Release|Any CPU
		{3E3AB1EC-4520-4F64-8106-2DAE63638C38}.Release|Any CPU.Build.0 = Release|Any CPU
		{EE690C14-C968-4AD1-8408-05AD522463CB}.Debug|Any CPU.ActiveCfg = Debug|Any CPU
		{EE690C14-C968-4AD1-8408-05AD522463CB}.Debug|Any CPU.Build.0 = Debug|Any CPU
		{EE690C14-C968-4AD1-8408-05AD522463CB}.Release|Any CPU.ActiveCfg = Release|Any CPU
		{EE690C14-C968-4AD1-8408-05AD522463CB}.Release|Any CPU.Build.0 = Release|Any CPU
		{F41E0FE5-65FB-4585-B90A-B402D0DDA557}.Debug|Any CPU.ActiveCfg = Debug|Any CPU
		{F41E0FE5-65FB-4585-B90A-B402D0DDA557}.Debug|Any CPU.Build.0 = Debug|Any CPU
		{F41E0FE5-65FB-4585-B90A-B402D0DDA557}.Release|Any CPU.ActiveCfg = Release|Any CPU
		{F41E0FE5-65FB-4585-B90A-B402D0DDA557}.Release|Any CPU.Build.0 = Release|Any CPU
		{FFF9F549-1126-4F13-9C11-85ABF988010D}.Debug|Any CPU.ActiveCfg = Debug|Any CPU
		{FFF9F549-1126-4F13-9C11-85ABF988010D}.Debug|Any CPU.Build.0 = Debug|Any CPU
		{FFF9F549-1126-4F13-9C11-85ABF988010D}.Release|Any CPU.ActiveCfg = Release|Any CPU
		{FFF9F549-1126-4F13-9C11-85ABF988010D}.Release|Any CPU.Build.0 = Release|Any CPU
		{83680DFE-3455-4885-8D3A-F2B60FA80688}.Debug|Any CPU.ActiveCfg = Debug|Any CPU
		{83680DFE-3455-4885-8D3A-F2B60FA80688}.Debug|Any CPU.Build.0 = Debug|Any CPU
		{83680DFE-3455-4885-8D3A-F2B60FA80688}.Release|Any CPU.ActiveCfg = Release|Any CPU
		{83680DFE-3455-4885-8D3A-F2B60FA80688}.Release|Any CPU.Build.0 = Release|Any CPU
		{7FFBC64D-685E-44F4-820E-F913C093A83F}.Debug|Any CPU.ActiveCfg = Debug|Any CPU
		{7FFBC64D-685E-44F4-820E-F913C093A83F}.Debug|Any CPU.Build.0 = Debug|Any CPU
		{7FFBC64D-685E-44F4-820E-F913C093A83F}.Release|Any CPU.ActiveCfg = Release|Any CPU
		{7FFBC64D-685E-44F4-820E-F913C093A83F}.Release|Any CPU.Build.0 = Release|Any CPU
		{0677A50A-06F4-4B7E-822D-2B3DE1F8B9D7}.Debug|Any CPU.ActiveCfg = Debug|Any CPU
		{0677A50A-06F4-4B7E-822D-2B3DE1F8B9D7}.Debug|Any CPU.Build.0 = Debug|Any CPU
		{0677A50A-06F4-4B7E-822D-2B3DE1F8B9D7}.Release|Any CPU.ActiveCfg = Release|Any CPU
		{0677A50A-06F4-4B7E-822D-2B3DE1F8B9D7}.Release|Any CPU.Build.0 = Release|Any CPU
		{F82DFE10-03D1-4039-8F1C-B8DF6B436A77}.Debug|Any CPU.ActiveCfg = Debug|Any CPU
		{F82DFE10-03D1-4039-8F1C-B8DF6B436A77}.Debug|Any CPU.Build.0 = Debug|Any CPU
		{F82DFE10-03D1-4039-8F1C-B8DF6B436A77}.Release|Any CPU.ActiveCfg = Release|Any CPU
		{F82DFE10-03D1-4039-8F1C-B8DF6B436A77}.Release|Any CPU.Build.0 = Release|Any CPU
		{AD00584E-1076-4045-9704-40219BFB59DC}.Debug|Any CPU.ActiveCfg = Debug|Any CPU
		{AD00584E-1076-4045-9704-40219BFB59DC}.Debug|Any CPU.Build.0 = Debug|Any CPU
		{AD00584E-1076-4045-9704-40219BFB59DC}.Release|Any CPU.ActiveCfg = Release|Any CPU
		{AD00584E-1076-4045-9704-40219BFB59DC}.Release|Any CPU.Build.0 = Release|Any CPU
		{0ADC51F1-102C-40E7-8315-3DDF2476D5A5}.Debug|Any CPU.ActiveCfg = Debug|Any CPU
		{0ADC51F1-102C-40E7-8315-3DDF2476D5A5}.Debug|Any CPU.Build.0 = Debug|Any CPU
		{0ADC51F1-102C-40E7-8315-3DDF2476D5A5}.Release|Any CPU.ActiveCfg = Release|Any CPU
		{0ADC51F1-102C-40E7-8315-3DDF2476D5A5}.Release|Any CPU.Build.0 = Release|Any CPU
		{4F5F8791-8566-4036-A039-168C5668A3E2}.Debug|Any CPU.ActiveCfg = Debug|Any CPU
		{4F5F8791-8566-4036-A039-168C5668A3E2}.Debug|Any CPU.Build.0 = Debug|Any CPU
		{4F5F8791-8566-4036-A039-168C5668A3E2}.Release|Any CPU.ActiveCfg = Release|Any CPU
		{4F5F8791-8566-4036-A039-168C5668A3E2}.Release|Any CPU.Build.0 = Release|Any CPU
		{16A1EF64-5B01-4125-84CD-F6F5015BB655}.Debug|Any CPU.ActiveCfg = Debug|Any CPU
		{16A1EF64-5B01-4125-84CD-F6F5015BB655}.Debug|Any CPU.Build.0 = Debug|Any CPU
		{16A1EF64-5B01-4125-84CD-F6F5015BB655}.Release|Any CPU.ActiveCfg = Release|Any CPU
		{16A1EF64-5B01-4125-84CD-F6F5015BB655}.Release|Any CPU.Build.0 = Release|Any CPU
		{CCD84036-A66F-4A42-B229-D793BBB5BD6C}.Debug|Any CPU.ActiveCfg = Debug|Any CPU
		{CCD84036-A66F-4A42-B229-D793BBB5BD6C}.Debug|Any CPU.Build.0 = Debug|Any CPU
		{CCD84036-A66F-4A42-B229-D793BBB5BD6C}.Release|Any CPU.ActiveCfg = Release|Any CPU
		{CCD84036-A66F-4A42-B229-D793BBB5BD6C}.Release|Any CPU.Build.0 = Release|Any CPU
		{E996FB72-5FCE-4A80-BE93-0C49E7AD09E1}.Debug|Any CPU.ActiveCfg = Debug|Any CPU
		{E996FB72-5FCE-4A80-BE93-0C49E7AD09E1}.Debug|Any CPU.Build.0 = Debug|Any CPU
		{E996FB72-5FCE-4A80-BE93-0C49E7AD09E1}.Release|Any CPU.ActiveCfg = Release|Any CPU
		{E996FB72-5FCE-4A80-BE93-0C49E7AD09E1}.Release|Any CPU.Build.0 = Release|Any CPU
		{CBD10004-7D81-4DEF-9699-376B7017A3C0}.Debug|Any CPU.ActiveCfg = Debug|Any CPU
		{CBD10004-7D81-4DEF-9699-376B7017A3C0}.Debug|Any CPU.Build.0 = Debug|Any CPU
		{CBD10004-7D81-4DEF-9699-376B7017A3C0}.Release|Any CPU.ActiveCfg = Release|Any CPU
		{CBD10004-7D81-4DEF-9699-376B7017A3C0}.Release|Any CPU.Build.0 = Release|Any CPU
		{5E3355F2-EC19-421D-8EFA-15DFDD2198C8}.Debug|Any CPU.ActiveCfg = Debug|Any CPU
		{5E3355F2-EC19-421D-8EFA-15DFDD2198C8}.Debug|Any CPU.Build.0 = Debug|Any CPU
		{5E3355F2-EC19-421D-8EFA-15DFDD2198C8}.Release|Any CPU.ActiveCfg = Release|Any CPU
		{5E3355F2-EC19-421D-8EFA-15DFDD2198C8}.Release|Any CPU.Build.0 = Release|Any CPU
		{7868A215-A548-4212-9279-9594141F4A13}.Debug|Any CPU.ActiveCfg = Debug|Any CPU
		{7868A215-A548-4212-9279-9594141F4A13}.Debug|Any CPU.Build.0 = Debug|Any CPU
		{7868A215-A548-4212-9279-9594141F4A13}.Release|Any CPU.ActiveCfg = Release|Any CPU
		{7868A215-A548-4212-9279-9594141F4A13}.Release|Any CPU.Build.0 = Release|Any CPU
		{671CA36A-21DC-472E-80D8-48ADFF001582}.Debug|Any CPU.ActiveCfg = Debug|Any CPU
		{671CA36A-21DC-472E-80D8-48ADFF001582}.Debug|Any CPU.Build.0 = Debug|Any CPU
		{671CA36A-21DC-472E-80D8-48ADFF001582}.Release|Any CPU.ActiveCfg = Release|Any CPU
		{671CA36A-21DC-472E-80D8-48ADFF001582}.Release|Any CPU.Build.0 = Release|Any CPU
		{E8427515-03ED-4EC3-ABFA-F635AC01C2D6}.Debug|Any CPU.ActiveCfg = Debug|Any CPU
		{E8427515-03ED-4EC3-ABFA-F635AC01C2D6}.Debug|Any CPU.Build.0 = Debug|Any CPU
		{E8427515-03ED-4EC3-ABFA-F635AC01C2D6}.Release|Any CPU.ActiveCfg = Release|Any CPU
		{E8427515-03ED-4EC3-ABFA-F635AC01C2D6}.Release|Any CPU.Build.0 = Release|Any CPU
		{A5C182C3-5258-4B47-A6D9-31E9D96877C6}.Debug|Any CPU.ActiveCfg = Debug|Any CPU
		{A5C182C3-5258-4B47-A6D9-31E9D96877C6}.Debug|Any CPU.Build.0 = Debug|Any CPU
		{A5C182C3-5258-4B47-A6D9-31E9D96877C6}.Release|Any CPU.ActiveCfg = Release|Any CPU
		{A5C182C3-5258-4B47-A6D9-31E9D96877C6}.Release|Any CPU.Build.0 = Release|Any CPU
		{7F6BB52F-1381-4087-94D1-34351F42B094}.Debug|Any CPU.ActiveCfg = Debug|Any CPU
		{7F6BB52F-1381-4087-94D1-34351F42B094}.Debug|Any CPU.Build.0 = Debug|Any CPU
		{7F6BB52F-1381-4087-94D1-34351F42B094}.Release|Any CPU.ActiveCfg = Release|Any CPU
		{7F6BB52F-1381-4087-94D1-34351F42B094}.Release|Any CPU.Build.0 = Release|Any CPU
		{5F69B342-F8FE-47C1-92D6-C1B3C2FA535B}.Debug|Any CPU.ActiveCfg = Debug|Any CPU
		{5F69B342-F8FE-47C1-92D6-C1B3C2FA535B}.Debug|Any CPU.Build.0 = Debug|Any CPU
		{5F69B342-F8FE-47C1-92D6-C1B3C2FA535B}.Release|Any CPU.ActiveCfg = Release|Any CPU
		{5F69B342-F8FE-47C1-92D6-C1B3C2FA535B}.Release|Any CPU.Build.0 = Release|Any CPU
		{F24D7CCE-EAF7-472D-AE85-ACEA45431199}.Debug|Any CPU.ActiveCfg = Debug|Any CPU
		{F24D7CCE-EAF7-472D-AE85-ACEA45431199}.Debug|Any CPU.Build.0 = Debug|Any CPU
		{F24D7CCE-EAF7-472D-AE85-ACEA45431199}.Release|Any CPU.ActiveCfg = Release|Any CPU
		{F24D7CCE-EAF7-472D-AE85-ACEA45431199}.Release|Any CPU.Build.0 = Release|Any CPU
		{AAA84C5A-2BA6-4D27-A4AA-F2DAE78EB686}.Debug|Any CPU.ActiveCfg = Debug|Any CPU
		{AAA84C5A-2BA6-4D27-A4AA-F2DAE78EB686}.Debug|Any CPU.Build.0 = Debug|Any CPU
		{AAA84C5A-2BA6-4D27-A4AA-F2DAE78EB686}.Release|Any CPU.ActiveCfg = Release|Any CPU
		{AAA84C5A-2BA6-4D27-A4AA-F2DAE78EB686}.Release|Any CPU.Build.0 = Release|Any CPU
		{5AC478C1-C773-4BF7-BF3B-5D4D202000A8}.Debug|Any CPU.ActiveCfg = Debug|Any CPU
		{5AC478C1-C773-4BF7-BF3B-5D4D202000A8}.Debug|Any CPU.Build.0 = Debug|Any CPU
		{5AC478C1-C773-4BF7-BF3B-5D4D202000A8}.Release|Any CPU.ActiveCfg = Release|Any CPU
		{5AC478C1-C773-4BF7-BF3B-5D4D202000A8}.Release|Any CPU.Build.0 = Release|Any CPU
	EndGlobalSection
	GlobalSection(SolutionProperties) = preSolution
		HideSolutionNode = FALSE
	EndGlobalSection
	GlobalSection(ExtensibilityGlobals) = postSolution
		SolutionGuid = {36044EC3-7547-47C2-B0E5-B9F11C38D5E4}
	EndGlobalSection
EndGlobal
